{
  "version": 4,
  "terraform_version": "1.10.4",
  "serial": 42,
  "lineage": "63115d77-296f-6779-5c2c-2bc88ff9e223",
  "outputs": {
    "alb_dns_name": {
      "value": "nginx-alb-1786643558.ap-southeast-1.elb.amazonaws.com",
      "type": "string"
    },
    "bastion_public_ip": {
      "value": "13.212.34.34",
      "type": "string"
    },
    "nginx_instances": {
      "value": [],
      "type": [
        "list",
        "string"
      ]
    }
  },
  "resources": [
    {
      "mode": "data",
      "type": "aws_ami",
      "name": "ubuntu",
      "provider": "provider[\"registry.terraform.io/hashicorp/aws\"]",
      "instances": [
        {
          "schema_version": 0,
          "attributes": {
            "architecture": "x86_64",
            "arn": "arn:aws:ec2:ap-southeast-1::image/ami-0c1907b6d738188e5",
            "block_device_mappings": [
              {
                "device_name": "/dev/sda1",
                "ebs": {
                  "delete_on_termination": "true",
                  "encrypted": "false",
                  "iops": "0",
                  "snapshot_id": "snap-0d872c4d8750c8f73",
                  "throughput": "0",
                  "volume_size": "8",
                  "volume_type": "gp2"
                },
                "no_device": "",
                "virtual_name": ""
              },
              {
                "device_name": "/dev/sdb",
                "ebs": {},
                "no_device": "",
                "virtual_name": "ephemeral0"
              },
              {
                "device_name": "/dev/sdc",
                "ebs": {},
                "no_device": "",
                "virtual_name": "ephemeral1"
              }
            ],
            "boot_mode": "uefi-preferred",
            "creation_date": "2025-03-05T03:14:41.000Z",
            "deprecation_time": "2027-03-05T03:14:41.000Z",
            "description": "Canonical, Ubuntu, 22.04, amd64 jammy image",
            "ena_support": true,
            "executable_users": null,
            "filter": [
              {
                "name": "name",
                "values": [
                  "ubuntu/images/hvm-ssd/ubuntu-jammy-22.04-amd64-server-*"
                ]
              },
              {
                "name": "virtualization-type",
                "values": [
                  "hvm"
                ]
              }
            ],
            "hypervisor": "xen",
            "id": "ami-0c1907b6d738188e5",
            "image_id": "ami-0c1907b6d738188e5",
            "image_location": "amazon/ubuntu/images/hvm-ssd/ubuntu-jammy-22.04-amd64-server-20250305",
            "image_owner_alias": "amazon",
            "image_type": "machine",
            "imds_support": "",
            "include_deprecated": false,
            "kernel_id": "",
            "most_recent": true,
            "name": "ubuntu/images/hvm-ssd/ubuntu-jammy-22.04-amd64-server-20250305",
            "name_regex": null,
            "owner_id": "099720109477",
            "owners": [
              "099720109477"
            ],
            "platform": "",
            "platform_details": "Linux/UNIX",
            "product_codes": [],
            "public": true,
            "ramdisk_id": "",
            "root_device_name": "/dev/sda1",
            "root_device_type": "ebs",
            "root_snapshot_id": "snap-0d872c4d8750c8f73",
            "sriov_net_support": "simple",
            "state": "available",
            "state_reason": {
              "code": "UNSET",
              "message": "UNSET"
            },
            "tags": {},
            "timeouts": null,
            "tpm_support": "",
            "uefi_data": null,
            "usage_operation": "RunInstances",
            "virtualization_type": "hvm"
          },
          "sensitive_attributes": []
        }
      ]
    },
    {
      "mode": "data",
      "type": "aws_availability_zones",
      "name": "available",
      "provider": "provider[\"registry.terraform.io/hashicorp/aws\"]",
      "instances": [
        {
          "schema_version": 0,
          "attributes": {
            "all_availability_zones": null,
            "exclude_names": null,
            "exclude_zone_ids": null,
            "filter": null,
            "group_names": [
              "ap-southeast-1-zg-1"
            ],
            "id": "ap-southeast-1",
            "names": [
              "ap-southeast-1a",
              "ap-southeast-1b",
              "ap-southeast-1c"
            ],
            "state": "available",
            "timeouts": null,
            "zone_ids": [
              "apse1-az2",
              "apse1-az1",
              "apse1-az3"
            ]
          },
          "sensitive_attributes": []
        }
      ]
    },
    {
      "mode": "data",
      "type": "aws_instances",
      "name": "nginx",
      "provider": "provider[\"registry.terraform.io/hashicorp/aws\"]",
      "instances": [
        {
          "schema_version": 0,
          "attributes": {
            "filter": null,
            "id": "ap-southeast-1",
            "ids": [],
            "instance_state_names": null,
            "instance_tags": {
              "Name": "nginx"
            },
            "ipv6_addresses": [],
            "private_ips": [],
            "public_ips": [],
            "timeouts": null
          },
          "sensitive_attributes": []
        }
      ]
    },
    {
      "mode": "managed",
      "type": "aws_alb",
      "name": "app_lb",
      "provider": "provider[\"registry.terraform.io/hashicorp/aws\"]",
      "instances": [
        {
          "index_key": 0,
          "schema_version": 0,
          "attributes": {
            "access_logs": [
              {
                "bucket": "",
                "enabled": false,
                "prefix": ""
              }
            ],
            "arn": "arn:aws:elasticloadbalancing:ap-southeast-1:571600835849:loadbalancer/app/nginx-alb/b8a0f08991bdbdab",
            "arn_suffix": "app/nginx-alb/b8a0f08991bdbdab",
            "client_keep_alive": 3600,
            "connection_logs": [
              {
                "bucket": "",
                "enabled": false,
                "prefix": ""
              }
            ],
            "customer_owned_ipv4_pool": "",
            "desync_mitigation_mode": "defensive",
            "dns_name": "nginx-alb-1786643558.ap-southeast-1.elb.amazonaws.com",
            "dns_record_client_routing_policy": null,
            "drop_invalid_header_fields": false,
            "enable_cross_zone_load_balancing": true,
            "enable_deletion_protection": false,
            "enable_http2": true,
            "enable_tls_version_and_cipher_suite_headers": false,
            "enable_waf_fail_open": false,
            "enable_xff_client_port": false,
            "enable_zonal_shift": false,
            "enforce_security_group_inbound_rules_on_private_link_traffic": "",
            "id": "arn:aws:elasticloadbalancing:ap-southeast-1:571600835849:loadbalancer/app/nginx-alb/b8a0f08991bdbdab",
            "idle_timeout": 60,
            "internal": false,
            "ip_address_type": "ipv4",
            "load_balancer_type": "application",
            "name": "nginx-alb",
            "name_prefix": "",
            "preserve_host_header": false,
            "security_groups": [
              "sg-0114342860edb2d89"
            ],
            "subnet_mapping": [
              {
                "allocation_id": "",
                "ipv6_address": "",
                "outpost_id": "",
                "private_ipv4_address": "",
                "subnet_id": "subnet-011509fe831c67de2"
              },
              {
                "allocation_id": "",
                "ipv6_address": "",
                "outpost_id": "",
                "private_ipv4_address": "",
                "subnet_id": "subnet-012eabb115bb3358c"
              },
              {
                "allocation_id": "",
                "ipv6_address": "",
                "outpost_id": "",
                "private_ipv4_address": "",
                "subnet_id": "subnet-06b9d3feb38bea74b"
              }
            ],
            "subnets": [
              "subnet-011509fe831c67de2",
              "subnet-012eabb115bb3358c",
              "subnet-06b9d3feb38bea74b"
            ],
            "tags": {
              "name": "nginx-alb"
            },
            "tags_all": {
              "name": "nginx-alb"
            },
            "timeouts": null,
            "vpc_id": "vpc-0fd0373f7da60c594",
            "xff_header_processing_mode": "append",
            "zone_id": "Z1LMS91P8CMLE5"
          },
          "sensitive_attributes": [],
          "private": "eyJlMmJmYjczMC1lY2FhLTExZTYtOGY4OC0zNDM2M2JjN2M0YzAiOnsiY3JlYXRlIjo2MDAwMDAwMDAwMDAsImRlbGV0ZSI6NjAwMDAwMDAwMDAwLCJ1cGRhdGUiOjYwMDAwMDAwMDAwMH19",
          "dependencies": [
            "aws_security_group.alb_sg",
            "aws_subnet.public_subnet",
            "aws_vpc.nginx_vpc",
            "data.aws_availability_zones.available"
          ]
        }
      ]
    },
    {
      "mode": "managed",
      "type": "aws_autoscaling_group",
      "name": "nginx_asg",
      "provider": "provider[\"registry.terraform.io/hashicorp/aws\"]",
      "instances": [
        {
          "index_key": 0,
          "schema_version": 1,
          "attributes": {
            "arn": "arn:aws:autoscaling:ap-southeast-1:571600835849:autoScalingGroup:67687b8a-d23b-4909-95fb-1bfa1b61a011:autoScalingGroupName/terraform-20250307101632185700000004",
            "availability_zone_distribution": [
              {
                "capacity_distribution_strategy": "balanced-best-effort"
              }
            ],
            "availability_zones": [
              "ap-southeast-1a",
              "ap-southeast-1b",
              "ap-southeast-1c"
            ],
            "capacity_rebalance": false,
            "context": "",
            "default_cooldown": 300,
            "default_instance_warmup": 0,
            "desired_capacity": 2,
            "desired_capacity_type": "",
            "enabled_metrics": [],
            "force_delete": true,
            "force_delete_warm_pool": false,
            "health_check_grace_period": 300,
            "health_check_type": "ELB",
            "id": "terraform-20250307101632185700000004",
            "ignore_failed_scaling_activities": false,
            "initial_lifecycle_hook": [],
            "instance_maintenance_policy": [],
            "instance_refresh": [],
            "launch_configuration": "",
            "launch_template": [
              {
                "id": "lt-0df47f5eaa3d401c7",
                "name": "nginx-lt",
                "version": "$Latest"
              }
            ],
            "load_balancers": [],
            "max_instance_lifetime": 0,
            "max_size": 4,
            "metrics_granularity": "1Minute",
            "min_elb_capacity": null,
            "min_size": 1,
            "mixed_instances_policy": [],
            "name": "terraform-20250307101632185700000004",
            "name_prefix": "terraform-",
            "placement_group": "",
            "predicted_capacity": 0,
            "protect_from_scale_in": false,
            "service_linked_role_arn": "arn:aws:iam::571600835849:role/aws-service-role/autoscaling.amazonaws.com/AWSServiceRoleForAutoScaling",
            "suspended_processes": [],
            "tag": [],
            "target_group_arns": [
              "arn:aws:elasticloadbalancing:ap-southeast-1:571600835849:targetgroup/nginx-tg/0f54ca10f337ead1"
            ],
            "termination_policies": [],
            "timeouts": null,
            "traffic_source": [
              {
                "identifier": "arn:aws:elasticloadbalancing:ap-southeast-1:571600835849:targetgroup/nginx-tg/0f54ca10f337ead1",
                "type": "elbv2"
              }
            ],
            "vpc_zone_identifier": [
              "subnet-0485bd85354363d33",
              "subnet-0c125a2bc0104da10",
              "subnet-0c8d163d2af65924e"
            ],
            "wait_for_capacity_timeout": "10m",
            "wait_for_elb_capacity": null,
            "warm_pool": [],
            "warm_pool_size": 0
          },
          "sensitive_attributes": [],
          "private": "eyJlMmJmYjczMC1lY2FhLTExZTYtOGY4OC0zNDM2M2JjN2M0YzAiOnsiZGVsZXRlIjo2MDAwMDAwMDAwMDAsInVwZGF0ZSI6NjAwMDAwMDAwMDAwfSwic2NoZW1hX3ZlcnNpb24iOiIxIn0=",
          "dependencies": [
            "aws_launch_template.nginx_lt",
            "aws_lb_target_group.app_tg",
            "aws_security_group.nginx_sg",
            "aws_subnet.private_subnet",
            "aws_vpc.nginx_vpc",
            "data.aws_ami.ubuntu",
            "data.aws_availability_zones.available"
          ]
        }
      ]
    },
    {
      "mode": "managed",
      "type": "aws_eip",
      "name": "nat_eip",
      "provider": "provider[\"registry.terraform.io/hashicorp/aws\"]",
      "instances": [
        {
          "index_key": 0,
          "schema_version": 0,
          "attributes": {
            "address": null,
            "allocation_id": "eipalloc-04135f8bd834a3be4",
            "arn": "arn:aws:ec2:ap-southeast-1:571600835849:elastic-ip/eipalloc-04135f8bd834a3be4",
            "associate_with_private_ip": null,
            "association_id": "eipassoc-0ceb875ea0147dfaa",
            "carrier_ip": "",
            "customer_owned_ip": "",
            "customer_owned_ipv4_pool": "",
            "domain": "vpc",
            "id": "eipalloc-04135f8bd834a3be4",
            "instance": "",
            "ipam_pool_id": null,
            "network_border_group": "ap-southeast-1",
            "network_interface": "eni-0e74787192c294269",
            "private_dns": "ip-192-168-6-68.ap-southeast-1.compute.internal",
            "private_ip": "192.168.6.68",
            "ptr_record": "",
            "public_dns": "ec2-52-76-157-215.ap-southeast-1.compute.amazonaws.com",
            "public_ip": "52.76.157.215",
            "public_ipv4_pool": "amazon",
            "tags": {},
            "tags_all": {},
            "timeouts": null,
            "vpc": true
          },
          "sensitive_attributes": [],
          "private": "eyJlMmJmYjczMC1lY2FhLTExZTYtOGY4OC0zNDM2M2JjN2M0YzAiOnsiZGVsZXRlIjoxODAwMDAwMDAwMDAsInJlYWQiOjkwMDAwMDAwMDAwMCwidXBkYXRlIjozMDAwMDAwMDAwMDB9fQ=="
        }
      ]
    },
    {
      "mode": "managed",
      "type": "aws_instance",
      "name": "bastion_instance",
      "provider": "provider[\"registry.terraform.io/hashicorp/aws\"]",
      "instances": [
        {
          "index_key": 0,
          "schema_version": 1,
          "attributes": {
            "ami": "ami-0c1907b6d738188e5",
            "arn": "arn:aws:ec2:ap-southeast-1:571600835849:instance/i-0a4e1e82a6963aa03",
            "associate_public_ip_address": true,
            "availability_zone": "ap-southeast-1a",
            "capacity_reservation_specification": [
              {
                "capacity_reservation_preference": "open",
                "capacity_reservation_target": []
              }
            ],
            "cpu_core_count": 1,
            "cpu_options": [
              {
                "amd_sev_snp": "",
                "core_count": 1,
                "threads_per_core": 1
              }
            ],
            "cpu_threads_per_core": 1,
            "credit_specification": [
              {
                "cpu_credits": "standard"
              }
            ],
            "disable_api_stop": false,
            "disable_api_termination": false,
            "ebs_block_device": [],
            "ebs_optimized": false,
            "enable_primary_ipv6": null,
            "enclave_options": [
              {
                "enabled": false
              }
            ],
            "ephemeral_block_device": [],
            "get_password_data": false,
            "hibernation": false,
            "host_id": "",
            "host_resource_group_arn": null,
            "iam_instance_profile": "",
            "id": "i-0a4e1e82a6963aa03",
            "instance_initiated_shutdown_behavior": "stop",
            "instance_lifecycle": "",
            "instance_market_options": [],
            "instance_state": "running",
            "instance_type": "t2.micro",
            "ipv6_address_count": 0,
            "ipv6_addresses": [],
            "key_name": "bastion_key_pair",
            "launch_template": [],
            "maintenance_options": [
              {
                "auto_recovery": "default"
              }
            ],
            "metadata_options": [
              {
                "http_endpoint": "enabled",
                "http_protocol_ipv6": "disabled",
                "http_put_response_hop_limit": 1,
                "http_tokens": "optional",
                "instance_metadata_tags": "disabled"
              }
            ],
            "monitoring": false,
            "network_interface": [],
            "outpost_arn": "",
            "password_data": "",
            "placement_group": "",
            "placement_partition_number": 0,
            "primary_network_interface_id": "eni-0e666fc75abaed025",
            "private_dns": "ip-192-168-8-190.ap-southeast-1.compute.internal",
            "private_dns_name_options": [
              {
                "enable_resource_name_dns_a_record": false,
                "enable_resource_name_dns_aaaa_record": false,
                "hostname_type": "ip-name"
              }
            ],
            "private_ip": "192.168.8.190",
            "public_dns": "ec2-13-212-34-34.ap-southeast-1.compute.amazonaws.com",
            "public_ip": "13.212.34.34",
            "root_block_device": [
              {
                "delete_on_termination": true,
                "device_name": "/dev/sda1",
                "encrypted": false,
                "iops": 100,
                "kms_key_id": "",
                "tags": {},
                "tags_all": {},
                "throughput": 0,
                "volume_id": "vol-055a012304ac5dd6b",
                "volume_size": 8,
                "volume_type": "gp2"
              }
            ],
            "secondary_private_ips": [],
            "security_groups": [],
            "source_dest_check": true,
            "spot_instance_request_id": "",
            "subnet_id": "subnet-012eabb115bb3358c",
            "tags": {
              "Name": "Bastion-Jumphost"
            },
            "tags_all": {
              "Name": "Bastion-Jumphost"
            },
            "tenancy": "default",
            "timeouts": null,
            "user_data": null,
            "user_data_base64": null,
            "user_data_replace_on_change": true,
            "volume_tags": null,
            "vpc_security_group_ids": [
              "sg-0b723cfde9581875d"
            ]
          },
          "sensitive_attributes": [],
          "private": "eyJlMmJmYjczMC1lY2FhLTExZTYtOGY4OC0zNDM2M2JjN2M0YzAiOnsiY3JlYXRlIjo2MDAwMDAwMDAwMDAsImRlbGV0ZSI6MTIwMDAwMDAwMDAwMCwicmVhZCI6OTAwMDAwMDAwMDAwLCJ1cGRhdGUiOjYwMDAwMDAwMDAwMH0sInNjaGVtYV92ZXJzaW9uIjoiMSJ9",
          "dependencies": [
            "aws_key_pair.public_key",
            "aws_security_group.bastion_sg",
            "aws_subnet.public_subnet",
            "aws_vpc.nginx_vpc",
            "data.aws_ami.ubuntu",
            "data.aws_availability_zones.available",
            "tls_private_key.key_pair"
          ]
        }
      ]
    },
    {
      "mode": "managed",
      "type": "aws_internet_gateway",
      "name": "igw",
      "provider": "provider[\"registry.terraform.io/hashicorp/aws\"]",
      "instances": [
        {
          "index_key": 0,
          "schema_version": 0,
          "attributes": {
            "arn": "arn:aws:ec2:ap-southeast-1:571600835849:internet-gateway/igw-039a00a023e526967",
            "id": "igw-039a00a023e526967",
            "owner_id": "571600835849",
            "tags": {
              "Name": "IGW"
            },
            "tags_all": {
              "Name": "IGW"
            },
            "timeouts": null,
            "vpc_id": "vpc-0fd0373f7da60c594"
          },
          "sensitive_attributes": [],
          "private": "eyJlMmJmYjczMC1lY2FhLTExZTYtOGY4OC0zNDM2M2JjN2M0YzAiOnsiY3JlYXRlIjoxMjAwMDAwMDAwMDAwLCJkZWxldGUiOjEyMDAwMDAwMDAwMDAsInVwZGF0ZSI6MTIwMDAwMDAwMDAwMH19",
          "dependencies": [
            "aws_vpc.nginx_vpc"
          ]
        }
      ]
    },
    {
      "mode": "managed",
      "type": "aws_key_pair",
      "name": "public_key",
      "provider": "provider[\"registry.terraform.io/hashicorp/aws\"]",
      "instances": [
        {
          "index_key": 0,
          "schema_version": 1,
          "attributes": {
            "arn": "arn:aws:ec2:ap-southeast-1:571600835849:key-pair/bastion_key_pair",
            "fingerprint": "57:a0:e5:21:7c:d4:e9:da:59:62:cc:b3:eb:69:ed:be",
            "id": "bastion_key_pair",
            "key_name": "bastion_key_pair",
            "key_name_prefix": "",
            "key_pair_id": "key-002aa14c8093bceca",
            "key_type": "rsa",
            "public_key": "ssh-rsa AAAAB3NzaC1yc2EAAAADAQABAAACAQCpT9Gyazb7kRCCjfthovMM8SkMq3y5JkGxGOZWf5oTjfKYJCIITr3C/RZ+TLEAfPoCHT36mfMXWXNP6TKq7hFMFXvn82Ri6GwGSfAq0lR/bhuZ1SDJD8Lfaqa1CxvqG+kA15/QXvMKpM5UqRXcMA0jDp++Yx1p0JAHlVwh2oIBfYwNoi9oOmZLdx2Eiy0cc4I4s/zLZ/rzeYv5sYnL6DXE1eXVBVJss+ylA+5ELN0sjQ1ZcbJWsQvzoTrPjoQG9GydAKl5qIjzXw6VJ8ZLTFuP5z0jgDyrpgRISUbI9UKHq1tXv4yXsnirbUb7WupsBuop/HuSbS/1fxm/pKgkgtOS1FPNz7UDXRYJEIXmiDKNqeErkakwSpIanVf6BU+oCWGlbFRSpYKkOBZoyzOwnBphYBgWMf54IUzb522ogWWOIjxYSkCUU7DseZwqdR5jyyRsSQh/eSjq6r3Ee9GHfcRqgVvtgWD8F5XAu4iKcMkWJffX16JcqUT8yquDwpw7E2w1qyTrq1tOtAbvNX0N6GsZal2QR3XgpbGX4OhApEIBrY6rroRu6oKQK/iHTCSPrsSzzwYaavFCed5MgRmTzWy6IUIrgtVtGYvaL0nDAycKLU/Ld3gVQVMMipYpNWsIvrawJY1173QIQBFG32M9jAAf0dOojPcI1PpQ8ez9dEIyZw==",
            "tags": {},
            "tags_all": {}
          },
          "sensitive_attributes": [],
          "private": "eyJzY2hlbWFfdmVyc2lvbiI6IjEifQ==",
          "dependencies": [
            "tls_private_key.key_pair"
          ]
        }
      ]
    },
    {
      "mode": "managed",
      "type": "aws_launch_template",
      "name": "nginx_lt",
      "provider": "provider[\"registry.terraform.io/hashicorp/aws\"]",
      "instances": [
        {
          "index_key": 0,
          "schema_version": 0,
          "attributes": {
            "arn": "arn:aws:ec2:ap-southeast-1:571600835849:launch-template/lt-0df47f5eaa3d401c7",
            "block_device_mappings": [],
            "capacity_reservation_specification": [],
            "cpu_options": [],
            "credit_specification": [],
            "default_version": 1,
            "description": "",
            "disable_api_stop": false,
            "disable_api_termination": false,
            "ebs_optimized": "",
            "elastic_gpu_specifications": [],
            "elastic_inference_accelerator": [],
            "enclave_options": [],
            "hibernation_options": [],
            "iam_instance_profile": [],
            "id": "lt-0df47f5eaa3d401c7",
            "image_id": "ami-0c1907b6d738188e5",
            "instance_initiated_shutdown_behavior": "",
            "instance_market_options": [],
            "instance_requirements": [],
            "instance_type": "t2.micro",
            "kernel_id": "",
            "key_name": "",
            "latest_version": 1,
            "license_specification": [],
            "maintenance_options": [],
            "metadata_options": [],
            "monitoring": [],
            "name": "nginx-lt",
            "name_prefix": "",
            "network_interfaces": [],
            "placement": [],
            "private_dns_name_options": [],
            "ram_disk_id": "",
            "security_group_names": [],
            "tag_specifications": [
              {
                "resource_type": "instance",
                "tags": {
                  "Name": "nginx-instance"
                }
              }
            ],
            "tags": {},
            "tags_all": {},
            "update_default_version": null,
            "user_data": "IyEvYmluL2Jhc2gKYXB0LWdldCB1cGRhdGUgLXkKYXB0LWdldCBpbnN0YWxsIC15IG5naW54CnN5c3RlbWN0bCBzdGFydCBuZ2lueApzeXN0ZW1jdGwgZW5hYmxlIG5naW54CgojIEdldCB0aGUgYXV0b21hdGljYWxseSBhc3NpZ25lZCBJUCBhZGRyZXNzClNFUlZFUl9JUD0kKGhvc3RuYW1lIC1JIHwgYXdrICd7cHJpbnQgJDF9JykKCiMgQ3JlYXRlIGEgY3VzdG9tIGluZGV4Lmh0bWwgZmlsZQpjYXQgPDxFT0YgfCBzdWRvIHRlZSAvdmFyL3d3dy9odG1sL2luZGV4Lmh0bWwKPCFET0NUWVBFIGh0bWw+CjxodG1sPgo8aGVhZD4KPHRpdGxlPldlbGNvbWUgdG8gbmdpbngtc2VydmVyITwvdGl0bGU+CjxzdHlsZT4KICAgIGJvZHkgewogICAgICAgIHdpZHRoOiAzNWVtOwogICAgICAgIG1hcmdpbjogMCBhdXRvOwogICAgICAgIGZvbnQtZmFtaWx5OiBUYWhvbWEsIFZlcmRhbmEsIEFyaWFsLCBzYW5zLXNlcmlmOwogICAgfQo8L3N0eWxlPgo8L2hlYWQ+Cjxib2R5Pgo8aDE+V2VsY29tZSB0byBuZ2lueC1zZXJ2ZXIhPC9oMT4KPHA+SWYgeW91IHNlZSB0aGlzIHBhZ2UsIHRoZSBuZ2lueCB3ZWIgc2VydmVyIGlzIHN1Y2Nlc3NmdWxseSBpbnN0YWxsZWQgYW5kCndvcmtpbmcuIEZ1cnRoZXIgY29uZmlndXJhdGlvbiBpcyByZXF1aXJlZC48L3A+Cgo8cD5UaGlzIHNlcnZlciBpcyBydW5uaW5nIG9uIElQOiA8c3Ryb25nPiRTRVJWRVJfSVA8L3N0cm9uZz48L3A+Cgo8cD5Gb3Igb25saW5lIGRvY3VtZW50YXRpb24gYW5kIHN1cHBvcnQsIHBsZWFzZSByZWZlciB0bwo8YSBocmVmPSJodHRwOi8vbmdpbngub3JnLyI+bmdpbngub3JnPC9hPi48YnIvPgpDb21tZXJjaWFsIHN1cHBvcnQgaXMgYXZhaWxhYmxlIGF0CjxhIGhyZWY9Imh0dHA6Ly9uZ2lueC5jb20vIj5uZ2lueC5jb208L2E+LjwvcD4KCjxwPjxlbT5UaGFuayB5b3UgZm9yIHVzaW5nIG5naW54LjwvZW0+PC9wPgo8L2JvZHk+CjwvaHRtbD4KRU9GCgojIFJlc3RhcnQgTmdpbnggdG8gYXBwbHkgY2hhbmdlcwpzdWRvIHN5c3RlbWN0bCByZXN0YXJ0IG5naW54",
            "vpc_security_group_ids": [
              "sg-08e13856dca6306a6"
            ]
          },
          "sensitive_attributes": [],
          "private": "bnVsbA==",
          "dependencies": [
            "aws_security_group.nginx_sg",
            "aws_vpc.nginx_vpc",
            "data.aws_ami.ubuntu"
          ]
        }
      ]
    },
    {
      "mode": "managed",
      "type": "aws_lb_listener",
      "name": "listener",
      "provider": "provider[\"registry.terraform.io/hashicorp/aws\"]",
      "instances": [
        {
          "index_key": 0,
          "schema_version": 0,
          "attributes": {
            "alpn_policy": null,
            "arn": "arn:aws:elasticloadbalancing:ap-southeast-1:571600835849:listener/app/nginx-alb/b8a0f08991bdbdab/7cd1cd0506a74e26",
            "certificate_arn": null,
            "default_action": [
              {
                "authenticate_cognito": [],
                "authenticate_oidc": [],
                "fixed_response": [],
                "forward": [],
                "order": 1,
                "redirect": [],
                "target_group_arn": "arn:aws:elasticloadbalancing:ap-southeast-1:571600835849:targetgroup/nginx-tg/0f54ca10f337ead1",
                "type": "forward"
              }
            ],
            "id": "arn:aws:elasticloadbalancing:ap-southeast-1:571600835849:listener/app/nginx-alb/b8a0f08991bdbdab/7cd1cd0506a74e26",
            "load_balancer_arn": "arn:aws:elasticloadbalancing:ap-southeast-1:571600835849:loadbalancer/app/nginx-alb/b8a0f08991bdbdab",
            "mutual_authentication": [],
            "port": 80,
            "protocol": "HTTP",
            "routing_http_request_x_amzn_mtls_clientcert_header_name": null,
            "routing_http_request_x_amzn_mtls_clientcert_issuer_header_name": null,
            "routing_http_request_x_amzn_mtls_clientcert_leaf_header_name": null,
            "routing_http_request_x_amzn_mtls_clientcert_serial_number_header_name": null,
            "routing_http_request_x_amzn_mtls_clientcert_subject_header_name": null,
            "routing_http_request_x_amzn_mtls_clientcert_validity_header_name": null,
            "routing_http_request_x_amzn_tls_cipher_suite_header_name": null,
            "routing_http_request_x_amzn_tls_version_header_name": null,
            "routing_http_response_access_control_allow_credentials_header_value": "",
            "routing_http_response_access_control_allow_headers_header_value": "",
            "routing_http_response_access_control_allow_methods_header_value": "",
            "routing_http_response_access_control_allow_origin_header_value": "",
            "routing_http_response_access_control_expose_headers_header_value": "",
            "routing_http_response_access_control_max_age_header_value": "",
            "routing_http_response_content_security_policy_header_value": "",
            "routing_http_response_server_enabled": false,
            "routing_http_response_strict_transport_security_header_value": "",
            "routing_http_response_x_content_type_options_header_value": "",
            "routing_http_response_x_frame_options_header_value": "",
            "ssl_policy": "",
            "tags": {},
            "tags_all": {},
            "tcp_idle_timeout_seconds": null,
            "timeouts": null
          },
          "sensitive_attributes": [],
          "private": "eyJlMmJmYjczMC1lY2FhLTExZTYtOGY4OC0zNDM2M2JjN2M0YzAiOnsiY3JlYXRlIjozMDAwMDAwMDAwMDAsInVwZGF0ZSI6MzAwMDAwMDAwMDAwfX0=",
          "dependencies": [
            "aws_alb.app_lb",
            "aws_lb_target_group.app_tg",
            "aws_security_group.alb_sg",
            "aws_subnet.public_subnet",
            "aws_vpc.nginx_vpc",
            "data.aws_availability_zones.available"
          ]
        }
      ]
    },
    {
      "mode": "managed",
      "type": "aws_lb_target_group",
      "name": "app_tg",
      "provider": "provider[\"registry.terraform.io/hashicorp/aws\"]",
      "instances": [
        {
          "index_key": 0,
          "schema_version": 0,
          "attributes": {
            "arn": "arn:aws:elasticloadbalancing:ap-southeast-1:571600835849:targetgroup/nginx-tg/0f54ca10f337ead1",
            "arn_suffix": "targetgroup/nginx-tg/0f54ca10f337ead1",
            "connection_termination": null,
            "deregistration_delay": "300",
            "health_check": [
              {
                "enabled": true,
                "healthy_threshold": 2,
                "interval": 30,
                "matcher": "200",
                "path": "/",
                "port": "80",
                "protocol": "HTTP",
                "timeout": 5,
                "unhealthy_threshold": 2
              }
            ],
            "id": "arn:aws:elasticloadbalancing:ap-southeast-1:571600835849:targetgroup/nginx-tg/0f54ca10f337ead1",
            "ip_address_type": "ipv4",
            "lambda_multi_value_headers_enabled": false,
            "load_balancer_arns": [
              "arn:aws:elasticloadbalancing:ap-southeast-1:571600835849:loadbalancer/app/nginx-alb/b8a0f08991bdbdab"
            ],
            "load_balancing_algorithm_type": "round_robin",
            "load_balancing_anomaly_mitigation": "off",
            "load_balancing_cross_zone_enabled": "use_load_balancer_configuration",
            "name": "nginx-tg",
            "name_prefix": "",
            "port": 80,
            "preserve_client_ip": null,
            "protocol": "HTTP",
            "protocol_version": "HTTP1",
            "proxy_protocol_v2": false,
            "slow_start": 0,
            "stickiness": [
              {
                "cookie_duration": 86400,
                "cookie_name": "",
                "enabled": false,
                "type": "lb_cookie"
              }
            ],
            "tags": {
              "name": "nginx-tg"
            },
            "tags_all": {
              "name": "nginx-tg"
            },
            "target_failover": [
              {
                "on_deregistration": null,
                "on_unhealthy": null
              }
            ],
            "target_group_health": [
              {
                "dns_failover": [
                  {
                    "minimum_healthy_targets_count": "1",
                    "minimum_healthy_targets_percentage": "off"
                  }
                ],
                "unhealthy_state_routing": [
                  {
                    "minimum_healthy_targets_count": 1,
                    "minimum_healthy_targets_percentage": "off"
                  }
                ]
              }
            ],
            "target_health_state": [
              {
                "enable_unhealthy_connection_termination": null,
                "unhealthy_draining_interval": null
              }
            ],
            "target_type": "instance",
            "vpc_id": "vpc-0fd0373f7da60c594"
          },
          "sensitive_attributes": [],
          "private": "bnVsbA==",
          "dependencies": [
            "aws_vpc.nginx_vpc"
          ]
        }
      ]
    },
    {
      "mode": "managed",
      "type": "aws_nat_gateway",
      "name": "nat_gw",
      "provider": "provider[\"registry.terraform.io/hashicorp/aws\"]",
      "instances": [
        {
          "index_key": 0,
          "schema_version": 0,
          "attributes": {
            "allocation_id": "eipalloc-04135f8bd834a3be4",
            "association_id": "eipassoc-0ceb875ea0147dfaa",
            "connectivity_type": "public",
            "id": "nat-0da6e551d19d9706c",
            "network_interface_id": "eni-0e74787192c294269",
            "private_ip": "192.168.6.68",
            "public_ip": "52.76.157.215",
            "secondary_allocation_ids": [],
            "secondary_private_ip_address_count": 0,
            "secondary_private_ip_addresses": [],
            "subnet_id": "subnet-012eabb115bb3358c",
            "tags": {
              "Name": "Public-NAT-Gateway"
            },
            "tags_all": {
              "Name": "Public-NAT-Gateway"
            },
            "timeouts": null
          },
          "sensitive_attributes": [],
          "private": "eyJlMmJmYjczMC1lY2FhLTExZTYtOGY4OC0zNDM2M2JjN2M0YzAiOnsiY3JlYXRlIjo2MDAwMDAwMDAwMDAsImRlbGV0ZSI6MTgwMDAwMDAwMDAwMCwidXBkYXRlIjo2MDAwMDAwMDAwMDB9fQ==",
          "dependencies": [
            "aws_eip.nat_eip",
            "aws_subnet.public_subnet",
            "aws_vpc.nginx_vpc",
            "data.aws_availability_zones.available"
          ]
        }
      ]
    },
    {
      "mode": "managed",
      "type": "aws_route",
      "name": "default_route_private_rt",
      "provider": "provider[\"registry.terraform.io/hashicorp/aws\"]",
      "instances": [
        {
          "index_key": 0,
          "schema_version": 0,
          "attributes": {
            "carrier_gateway_id": "",
            "core_network_arn": "",
            "destination_cidr_block": "0.0.0.0/0",
            "destination_ipv6_cidr_block": "",
            "destination_prefix_list_id": "",
            "egress_only_gateway_id": "",
            "gateway_id": "",
            "id": "r-rtb-0fd34dc6b1053ef6c1080289494",
            "instance_id": "",
            "instance_owner_id": "",
            "local_gateway_id": "",
            "nat_gateway_id": "nat-0da6e551d19d9706c",
            "network_interface_id": "",
            "origin": "CreateRoute",
            "route_table_id": "rtb-0fd34dc6b1053ef6c",
            "state": "active",
            "timeouts": null,
            "transit_gateway_id": "",
            "vpc_endpoint_id": "",
            "vpc_peering_connection_id": ""
          },
          "sensitive_attributes": [],
          "private": "eyJlMmJmYjczMC1lY2FhLTExZTYtOGY4OC0zNDM2M2JjN2M0YzAiOnsiY3JlYXRlIjozMDAwMDAwMDAwMDAsImRlbGV0ZSI6MzAwMDAwMDAwMDAwLCJ1cGRhdGUiOjEyMDAwMDAwMDAwMH19",
          "dependencies": [
            "aws_eip.nat_eip",
            "aws_nat_gateway.nat_gw",
            "aws_route_table.private_rt",
            "aws_subnet.public_subnet",
            "aws_vpc.nginx_vpc",
            "data.aws_availability_zones.available"
          ]
        }
      ]
    },
    {
      "mode": "managed",
      "type": "aws_route",
      "name": "default_route_public_rt",
      "provider": "provider[\"registry.terraform.io/hashicorp/aws\"]",
      "instances": [
        {
          "index_key": 0,
          "schema_version": 0,
          "attributes": {
            "carrier_gateway_id": "",
            "core_network_arn": "",
            "destination_cidr_block": "0.0.0.0/0",
            "destination_ipv6_cidr_block": "",
            "destination_prefix_list_id": "",
            "egress_only_gateway_id": "",
            "gateway_id": "igw-039a00a023e526967",
            "id": "r-rtb-0c69b923b0e50d8ce1080289494",
            "instance_id": "",
            "instance_owner_id": "",
            "local_gateway_id": "",
            "nat_gateway_id": "",
            "network_interface_id": "",
            "origin": "CreateRoute",
            "route_table_id": "rtb-0c69b923b0e50d8ce",
            "state": "active",
            "timeouts": null,
            "transit_gateway_id": "",
            "vpc_endpoint_id": "",
            "vpc_peering_connection_id": ""
          },
          "sensitive_attributes": [],
          "private": "eyJlMmJmYjczMC1lY2FhLTExZTYtOGY4OC0zNDM2M2JjN2M0YzAiOnsiY3JlYXRlIjozMDAwMDAwMDAwMDAsImRlbGV0ZSI6MzAwMDAwMDAwMDAwLCJ1cGRhdGUiOjEyMDAwMDAwMDAwMH19",
          "dependencies": [
            "aws_internet_gateway.igw",
            "aws_route_table.public_rt",
            "aws_vpc.nginx_vpc"
          ]
        }
      ]
    },
    {
      "mode": "managed",
      "type": "aws_route_table",
      "name": "private_rt",
      "provider": "provider[\"registry.terraform.io/hashicorp/aws\"]",
      "instances": [
        {
          "index_key": 0,
          "schema_version": 0,
          "attributes": {
            "arn": "arn:aws:ec2:ap-southeast-1:571600835849:route-table/rtb-0fd34dc6b1053ef6c",
            "id": "rtb-0fd34dc6b1053ef6c",
            "owner_id": "571600835849",
            "propagating_vgws": [],
            "route": [
              {
                "carrier_gateway_id": "",
                "cidr_block": "0.0.0.0/0",
                "core_network_arn": "",
                "destination_prefix_list_id": "",
                "egress_only_gateway_id": "",
                "gateway_id": "",
                "ipv6_cidr_block": "",
                "local_gateway_id": "",
                "nat_gateway_id": "nat-0da6e551d19d9706c",
                "network_interface_id": "",
                "transit_gateway_id": "",
                "vpc_endpoint_id": "",
                "vpc_peering_connection_id": ""
              }
            ],
            "tags": {
              "Name": "Private-Route-Table"
            },
            "tags_all": {
              "Name": "Private-Route-Table"
            },
            "timeouts": null,
            "vpc_id": "vpc-0fd0373f7da60c594"
          },
          "sensitive_attributes": [],
          "private": "eyJlMmJmYjczMC1lY2FhLTExZTYtOGY4OC0zNDM2M2JjN2M0YzAiOnsiY3JlYXRlIjozMDAwMDAwMDAwMDAsImRlbGV0ZSI6MzAwMDAwMDAwMDAwLCJ1cGRhdGUiOjEyMDAwMDAwMDAwMH19",
          "dependencies": [
            "aws_vpc.nginx_vpc"
          ]
        }
      ]
    },
    {
      "mode": "managed",
      "type": "aws_route_table",
      "name": "public_rt",
      "provider": "provider[\"registry.terraform.io/hashicorp/aws\"]",
      "instances": [
        {
          "index_key": 0,
          "schema_version": 0,
          "attributes": {
            "arn": "arn:aws:ec2:ap-southeast-1:571600835849:route-table/rtb-0c69b923b0e50d8ce",
            "id": "rtb-0c69b923b0e50d8ce",
            "owner_id": "571600835849",
            "propagating_vgws": [],
            "route": [
              {
                "carrier_gateway_id": "",
                "cidr_block": "0.0.0.0/0",
                "core_network_arn": "",
                "destination_prefix_list_id": "",
                "egress_only_gateway_id": "",
                "gateway_id": "igw-039a00a023e526967",
                "ipv6_cidr_block": "",
                "local_gateway_id": "",
                "nat_gateway_id": "",
                "network_interface_id": "",
                "transit_gateway_id": "",
                "vpc_endpoint_id": "",
                "vpc_peering_connection_id": ""
              }
            ],
            "tags": {
              "Name": "Public-Route-Table"
            },
            "tags_all": {
              "Name": "Public-Route-Table"
            },
            "timeouts": null,
            "vpc_id": "vpc-0fd0373f7da60c594"
          },
          "sensitive_attributes": [],
          "private": "eyJlMmJmYjczMC1lY2FhLTExZTYtOGY4OC0zNDM2M2JjN2M0YzAiOnsiY3JlYXRlIjozMDAwMDAwMDAwMDAsImRlbGV0ZSI6MzAwMDAwMDAwMDAwLCJ1cGRhdGUiOjEyMDAwMDAwMDAwMH19",
          "dependencies": [
            "aws_vpc.nginx_vpc"
          ]
        }
      ]
    },
    {
      "mode": "managed",
      "type": "aws_route_table_association",
      "name": "private_association",
      "provider": "provider[\"registry.terraform.io/hashicorp/aws\"]",
      "instances": [
        {
          "index_key": 0,
          "schema_version": 0,
          "attributes": {
            "gateway_id": "",
            "id": "rtbassoc-09ed43f124d0cbdc9",
            "route_table_id": "rtb-0fd34dc6b1053ef6c",
            "subnet_id": "subnet-0485bd85354363d33",
            "timeouts": null
          },
          "sensitive_attributes": [],
          "private": "eyJlMmJmYjczMC1lY2FhLTExZTYtOGY4OC0zNDM2M2JjN2M0YzAiOnsiY3JlYXRlIjozMDAwMDAwMDAwMDAsImRlbGV0ZSI6MzAwMDAwMDAwMDAwLCJ1cGRhdGUiOjEyMDAwMDAwMDAwMH19",
          "dependencies": [
            "aws_route_table.private_rt",
            "aws_subnet.private_subnet",
            "aws_vpc.nginx_vpc",
            "data.aws_availability_zones.available"
          ]
        },
        {
          "index_key": 1,
          "schema_version": 0,
          "attributes": {
            "gateway_id": "",
            "id": "rtbassoc-0e946b7b1813433ab",
            "route_table_id": "rtb-0fd34dc6b1053ef6c",
            "subnet_id": "subnet-0c125a2bc0104da10",
            "timeouts": null
          },
          "sensitive_attributes": [],
          "private": "eyJlMmJmYjczMC1lY2FhLTExZTYtOGY4OC0zNDM2M2JjN2M0YzAiOnsiY3JlYXRlIjozMDAwMDAwMDAwMDAsImRlbGV0ZSI6MzAwMDAwMDAwMDAwLCJ1cGRhdGUiOjEyMDAwMDAwMDAwMH19",
          "dependencies": [
            "aws_route_table.private_rt",
            "aws_subnet.private_subnet",
            "aws_vpc.nginx_vpc",
            "data.aws_availability_zones.available"
          ]
        },
        {
          "index_key": 2,
          "schema_version": 0,
          "attributes": {
            "gateway_id": "",
            "id": "rtbassoc-036041ee64208499f",
            "route_table_id": "rtb-0fd34dc6b1053ef6c",
            "subnet_id": "subnet-0c8d163d2af65924e",
            "timeouts": null
          },
          "sensitive_attributes": [],
          "private": "eyJlMmJmYjczMC1lY2FhLTExZTYtOGY4OC0zNDM2M2JjN2M0YzAiOnsiY3JlYXRlIjozMDAwMDAwMDAwMDAsImRlbGV0ZSI6MzAwMDAwMDAwMDAwLCJ1cGRhdGUiOjEyMDAwMDAwMDAwMH19",
          "dependencies": [
            "aws_route_table.private_rt",
            "aws_subnet.private_subnet",
            "aws_vpc.nginx_vpc",
            "data.aws_availability_zones.available"
          ]
        }
      ]
    },
    {
      "mode": "managed",
      "type": "aws_route_table_association",
      "name": "public_association",
      "provider": "provider[\"registry.terraform.io/hashicorp/aws\"]",
      "instances": [
        {
          "index_key": 0,
          "schema_version": 0,
          "attributes": {
            "gateway_id": "",
            "id": "rtbassoc-03978f4fb31c1fa78",
            "route_table_id": "rtb-0c69b923b0e50d8ce",
            "subnet_id": "subnet-012eabb115bb3358c",
            "timeouts": null
          },
          "sensitive_attributes": [],
          "private": "eyJlMmJmYjczMC1lY2FhLTExZTYtOGY4OC0zNDM2M2JjN2M0YzAiOnsiY3JlYXRlIjozMDAwMDAwMDAwMDAsImRlbGV0ZSI6MzAwMDAwMDAwMDAwLCJ1cGRhdGUiOjEyMDAwMDAwMDAwMH19",
          "dependencies": [
            "aws_route_table.public_rt",
            "aws_subnet.public_subnet",
            "aws_vpc.nginx_vpc",
            "data.aws_availability_zones.available"
          ]
        },
        {
          "index_key": 1,
          "schema_version": 0,
          "attributes": {
            "gateway_id": "",
            "id": "rtbassoc-0a30da75a88aac7f0",
            "route_table_id": "rtb-0c69b923b0e50d8ce",
            "subnet_id": "subnet-011509fe831c67de2",
            "timeouts": null
          },
          "sensitive_attributes": [],
          "private": "eyJlMmJmYjczMC1lY2FhLTExZTYtOGY4OC0zNDM2M2JjN2M0YzAiOnsiY3JlYXRlIjozMDAwMDAwMDAwMDAsImRlbGV0ZSI6MzAwMDAwMDAwMDAwLCJ1cGRhdGUiOjEyMDAwMDAwMDAwMH19",
          "dependencies": [
            "aws_route_table.public_rt",
            "aws_subnet.public_subnet",
            "aws_vpc.nginx_vpc",
            "data.aws_availability_zones.available"
          ]
        },
        {
          "index_key": 2,
          "schema_version": 0,
          "attributes": {
            "gateway_id": "",
            "id": "rtbassoc-03e11abc1dc5d37a3",
            "route_table_id": "rtb-0c69b923b0e50d8ce",
            "subnet_id": "subnet-06b9d3feb38bea74b",
            "timeouts": null
          },
          "sensitive_attributes": [],
          "private": "eyJlMmJmYjczMC1lY2FhLTExZTYtOGY4OC0zNDM2M2JjN2M0YzAiOnsiY3JlYXRlIjozMDAwMDAwMDAwMDAsImRlbGV0ZSI6MzAwMDAwMDAwMDAwLCJ1cGRhdGUiOjEyMDAwMDAwMDAwMH19",
          "dependencies": [
            "aws_route_table.public_rt",
            "aws_subnet.public_subnet",
            "aws_vpc.nginx_vpc",
            "data.aws_availability_zones.available"
          ]
        }
      ]
    },
    {
      "mode": "managed",
      "type": "aws_security_group",
      "name": "alb_sg",
      "provider": "provider[\"registry.terraform.io/hashicorp/aws\"]",
      "instances": [
        {
          "index_key": 0,
          "schema_version": 1,
          "attributes": {
            "arn": "arn:aws:ec2:ap-southeast-1:571600835849:security-group/sg-0114342860edb2d89",
            "description": "Managed by Terraform",
            "egress": [
              {
                "cidr_blocks": [
                  "0.0.0.0/0"
                ],
                "description": "",
                "from_port": 0,
                "ipv6_cidr_blocks": [],
                "prefix_list_ids": [],
                "protocol": "-1",
                "security_groups": [],
                "self": false,
                "to_port": 0
              }
            ],
            "id": "sg-0114342860edb2d89",
            "ingress": [
              {
                "cidr_blocks": [
                  "0.0.0.0/0"
                ],
                "description": "",
                "from_port": 80,
                "ipv6_cidr_blocks": [],
                "prefix_list_ids": [],
                "protocol": "tcp",
                "security_groups": [],
                "self": false,
                "to_port": 80
              }
            ],
            "name": "alb_sg",
            "name_prefix": "",
            "owner_id": "571600835849",
            "revoke_rules_on_delete": false,
            "tags": {},
            "tags_all": {},
            "timeouts": null,
            "vpc_id": "vpc-0fd0373f7da60c594"
          },
          "sensitive_attributes": [],
          "private": "eyJlMmJmYjczMC1lY2FhLTExZTYtOGY4OC0zNDM2M2JjN2M0YzAiOnsiY3JlYXRlIjo2MDAwMDAwMDAwMDAsImRlbGV0ZSI6OTAwMDAwMDAwMDAwfSwic2NoZW1hX3ZlcnNpb24iOiIxIn0=",
          "dependencies": [
            "aws_vpc.nginx_vpc"
          ]
        }
      ]
    },
    {
      "mode": "managed",
      "type": "aws_security_group",
      "name": "bastion_sg",
      "provider": "provider[\"registry.terraform.io/hashicorp/aws\"]",
      "instances": [
        {
          "index_key": 0,
          "schema_version": 1,
          "attributes": {
            "arn": "arn:aws:ec2:ap-southeast-1:571600835849:security-group/sg-0b723cfde9581875d",
            "description": "Managed by Terraform",
            "egress": [
              {
                "cidr_blocks": [
                  "0.0.0.0/0"
                ],
                "description": "",
                "from_port": 0,
                "ipv6_cidr_blocks": [],
                "prefix_list_ids": [],
                "protocol": "-1",
                "security_groups": [],
                "self": false,
                "to_port": 0
              }
            ],
            "id": "sg-0b723cfde9581875d",
            "ingress": [
              {
                "cidr_blocks": [
                  "0.0.0.0/0"
                ],
                "description": "",
                "from_port": 22,
                "ipv6_cidr_blocks": [],
                "prefix_list_ids": [],
                "protocol": "tcp",
                "security_groups": [],
                "self": false,
                "to_port": 22
              }
            ],
            "name": "bastion_sg",
            "name_prefix": "",
            "owner_id": "571600835849",
            "revoke_rules_on_delete": false,
            "tags": {},
            "tags_all": {},
            "timeouts": null,
            "vpc_id": "vpc-0fd0373f7da60c594"
          },
          "sensitive_attributes": [],
          "private": "eyJlMmJmYjczMC1lY2FhLTExZTYtOGY4OC0zNDM2M2JjN2M0YzAiOnsiY3JlYXRlIjo2MDAwMDAwMDAwMDAsImRlbGV0ZSI6OTAwMDAwMDAwMDAwfSwic2NoZW1hX3ZlcnNpb24iOiIxIn0=",
          "dependencies": [
            "aws_vpc.nginx_vpc"
          ]
        }
      ]
    },
    {
      "mode": "managed",
      "type": "aws_security_group",
      "name": "nginx_sg",
      "provider": "provider[\"registry.terraform.io/hashicorp/aws\"]",
      "instances": [
        {
          "index_key": 0,
          "schema_version": 1,
          "attributes": {
            "arn": "arn:aws:ec2:ap-southeast-1:571600835849:security-group/sg-08e13856dca6306a6",
            "description": "Managed by Terraform",
            "egress": [
              {
                "cidr_blocks": [
                  "0.0.0.0/0"
                ],
                "description": "",
                "from_port": 0,
                "ipv6_cidr_blocks": [],
                "prefix_list_ids": [],
                "protocol": "-1",
                "security_groups": [],
                "self": false,
                "to_port": 0
              }
            ],
            "id": "sg-08e13856dca6306a6",
            "ingress": [
              {
                "cidr_blocks": [],
                "description": "",
                "from_port": -1,
                "ipv6_cidr_blocks": [],
                "prefix_list_ids": [],
                "protocol": "icmp",
                "security_groups": [
                  "sg-0b723cfde9581875d"
                ],
                "self": false,
                "to_port": -1
              },
              {
                "cidr_blocks": [],
                "description": "",
                "from_port": 22,
                "ipv6_cidr_blocks": [],
                "prefix_list_ids": [],
                "protocol": "tcp",
                "security_groups": [
                  "sg-0b723cfde9581875d"
                ],
                "self": false,
                "to_port": 22
              },
              {
                "cidr_blocks": [],
                "description": "",
                "from_port": 80,
                "ipv6_cidr_blocks": [],
                "prefix_list_ids": [],
                "protocol": "tcp",
                "security_groups": [
                  "sg-0114342860edb2d89"
                ],
                "self": false,
                "to_port": 80
              }
            ],
            "name": "nginx_sg",
            "name_prefix": "",
            "owner_id": "571600835849",
            "revoke_rules_on_delete": false,
            "tags": {},
            "tags_all": {},
            "timeouts": null,
            "vpc_id": "vpc-0fd0373f7da60c594"
          },
          "sensitive_attributes": [],
          "private": "eyJlMmJmYjczMC1lY2FhLTExZTYtOGY4OC0zNDM2M2JjN2M0YzAiOnsiY3JlYXRlIjo2MDAwMDAwMDAwMDAsImRlbGV0ZSI6OTAwMDAwMDAwMDAwfSwic2NoZW1hX3ZlcnNpb24iOiIxIn0=",
          "dependencies": [
            "aws_vpc.nginx_vpc"
          ]
        }
      ]
    },
    {
      "mode": "managed",
      "type": "aws_security_group_rule",
      "name": "alb_allow_all_egress_traffic",
      "provider": "provider[\"registry.terraform.io/hashicorp/aws\"]",
      "instances": [
        {
          "index_key": 0,
          "schema_version": 2,
          "attributes": {
            "cidr_blocks": [
              "0.0.0.0/0"
            ],
            "description": null,
            "from_port": 0,
            "id": "sgrule-407505585",
            "ipv6_cidr_blocks": null,
            "prefix_list_ids": null,
            "protocol": "-1",
            "security_group_id": "sg-0114342860edb2d89",
            "security_group_rule_id": "sgr-06a28b8aa807b84dc",
            "self": false,
            "source_security_group_id": null,
            "timeouts": null,
            "to_port": 0,
            "type": "egress"
          },
          "sensitive_attributes": [],
          "private": "eyJlMmJmYjczMC1lY2FhLTExZTYtOGY4OC0zNDM2M2JjN2M0YzAiOnsiY3JlYXRlIjozMDAwMDAwMDAwMDB9LCJzY2hlbWFfdmVyc2lvbiI6IjIifQ==",
          "dependencies": [
            "aws_security_group.alb_sg",
            "aws_vpc.nginx_vpc"
          ]
        }
      ]
    },
    {
      "mode": "managed",
      "type": "aws_security_group_rule",
      "name": "alb_allow_ingress_http",
      "provider": "provider[\"registry.terraform.io/hashicorp/aws\"]",
      "instances": [
        {
          "index_key": 0,
          "schema_version": 2,
          "attributes": {
            "cidr_blocks": [
              "0.0.0.0/0"
            ],
            "description": null,
            "from_port": 80,
            "id": "sgrule-3149674501",
            "ipv6_cidr_blocks": null,
            "prefix_list_ids": null,
            "protocol": "tcp",
            "security_group_id": "sg-0114342860edb2d89",
            "security_group_rule_id": "sgr-027abfee3ee6b53b1",
            "self": false,
            "source_security_group_id": null,
            "timeouts": null,
            "to_port": 80,
            "type": "ingress"
          },
          "sensitive_attributes": [],
          "private": "eyJlMmJmYjczMC1lY2FhLTExZTYtOGY4OC0zNDM2M2JjN2M0YzAiOnsiY3JlYXRlIjozMDAwMDAwMDAwMDB9LCJzY2hlbWFfdmVyc2lvbiI6IjIifQ==",
          "dependencies": [
            "aws_security_group.alb_sg",
            "aws_vpc.nginx_vpc"
          ]
        }
      ]
    },
    {
      "mode": "managed",
      "type": "aws_security_group_rule",
      "name": "bastion_allow_all_egress_traffic",
      "provider": "provider[\"registry.terraform.io/hashicorp/aws\"]",
      "instances": [
        {
          "index_key": 0,
          "schema_version": 2,
          "attributes": {
            "cidr_blocks": [
              "0.0.0.0/0"
            ],
            "description": null,
            "from_port": 0,
            "id": "sgrule-2847267850",
            "ipv6_cidr_blocks": null,
            "prefix_list_ids": null,
            "protocol": "-1",
            "security_group_id": "sg-0b723cfde9581875d",
            "security_group_rule_id": "sgr-098efda29f409aa37",
            "self": false,
            "source_security_group_id": null,
            "timeouts": null,
            "to_port": 0,
            "type": "egress"
          },
          "sensitive_attributes": [],
          "private": "eyJlMmJmYjczMC1lY2FhLTExZTYtOGY4OC0zNDM2M2JjN2M0YzAiOnsiY3JlYXRlIjozMDAwMDAwMDAwMDB9LCJzY2hlbWFfdmVyc2lvbiI6IjIifQ==",
          "dependencies": [
            "aws_security_group.bastion_sg",
            "aws_vpc.nginx_vpc"
          ]
        }
      ]
    },
    {
      "mode": "managed",
      "type": "aws_security_group_rule",
      "name": "bastion_allow_ingress_ssh",
      "provider": "provider[\"registry.terraform.io/hashicorp/aws\"]",
      "instances": [
        {
          "index_key": 0,
          "schema_version": 2,
          "attributes": {
            "cidr_blocks": [
              "0.0.0.0/0"
            ],
            "description": null,
            "from_port": 22,
            "id": "sgrule-2279215958",
            "ipv6_cidr_blocks": null,
            "prefix_list_ids": null,
            "protocol": "tcp",
            "security_group_id": "sg-0b723cfde9581875d",
            "security_group_rule_id": "sgr-02ca1e31c2af407c2",
            "self": false,
            "source_security_group_id": null,
            "timeouts": null,
            "to_port": 22,
            "type": "ingress"
          },
          "sensitive_attributes": [],
          "private": "eyJlMmJmYjczMC1lY2FhLTExZTYtOGY4OC0zNDM2M2JjN2M0YzAiOnsiY3JlYXRlIjozMDAwMDAwMDAwMDB9LCJzY2hlbWFfdmVyc2lvbiI6IjIifQ==",
          "dependencies": [
            "aws_security_group.bastion_sg",
            "aws_vpc.nginx_vpc"
          ]
        }
      ]
    },
    {
      "mode": "managed",
      "type": "aws_security_group_rule",
      "name": "nginx_allow_all_egress_traffic",
      "provider": "provider[\"registry.terraform.io/hashicorp/aws\"]",
      "instances": [
        {
          "index_key": 0,
          "schema_version": 2,
          "attributes": {
            "cidr_blocks": [
              "0.0.0.0/0"
            ],
            "description": null,
            "from_port": 0,
            "id": "sgrule-254370534",
            "ipv6_cidr_blocks": null,
            "prefix_list_ids": null,
            "protocol": "-1",
            "security_group_id": "sg-08e13856dca6306a6",
            "security_group_rule_id": "sgr-0e94edd7258c71f08",
            "self": false,
            "source_security_group_id": null,
            "timeouts": null,
            "to_port": 0,
            "type": "egress"
          },
          "sensitive_attributes": [],
          "private": "eyJlMmJmYjczMC1lY2FhLTExZTYtOGY4OC0zNDM2M2JjN2M0YzAiOnsiY3JlYXRlIjozMDAwMDAwMDAwMDB9LCJzY2hlbWFfdmVyc2lvbiI6IjIifQ==",
          "dependencies": [
            "aws_security_group.nginx_sg",
            "aws_vpc.nginx_vpc"
          ]
        }
      ]
    },
    {
      "mode": "managed",
      "type": "aws_security_group_rule",
      "name": "nginx_allow_ingress_http_from_alb",
      "provider": "provider[\"registry.terraform.io/hashicorp/aws\"]",
      "instances": [
        {
          "index_key": 0,
          "schema_version": 2,
          "attributes": {
            "cidr_blocks": null,
            "description": null,
            "from_port": 80,
            "id": "sgrule-4109610188",
            "ipv6_cidr_blocks": null,
            "prefix_list_ids": null,
            "protocol": "tcp",
            "security_group_id": "sg-08e13856dca6306a6",
            "security_group_rule_id": "sgr-093ed5ddb3f64704a",
            "self": false,
            "source_security_group_id": "sg-0114342860edb2d89",
            "timeouts": null,
            "to_port": 80,
            "type": "ingress"
          },
          "sensitive_attributes": [],
          "private": "eyJlMmJmYjczMC1lY2FhLTExZTYtOGY4OC0zNDM2M2JjN2M0YzAiOnsiY3JlYXRlIjozMDAwMDAwMDAwMDB9LCJzY2hlbWFfdmVyc2lvbiI6IjIifQ==",
          "dependencies": [
            "aws_security_group.alb_sg",
            "aws_security_group.nginx_sg",
            "aws_vpc.nginx_vpc"
          ]
        }
      ]
    },
    {
      "mode": "managed",
      "type": "aws_security_group_rule",
      "name": "nginx_allow_ingress_icmp_from_bastion",
      "provider": "provider[\"registry.terraform.io/hashicorp/aws\"]",
      "instances": [
        {
          "index_key": 0,
          "schema_version": 2,
          "attributes": {
            "cidr_blocks": null,
            "description": null,
            "from_port": -1,
            "id": "sgrule-567441183",
            "ipv6_cidr_blocks": null,
            "prefix_list_ids": null,
            "protocol": "icmp",
            "security_group_id": "sg-08e13856dca6306a6",
            "security_group_rule_id": "sgr-06392cc3418316999",
            "self": false,
            "source_security_group_id": "sg-0b723cfde9581875d",
            "timeouts": null,
            "to_port": -1,
            "type": "ingress"
          },
          "sensitive_attributes": [],
          "private": "eyJlMmJmYjczMC1lY2FhLTExZTYtOGY4OC0zNDM2M2JjN2M0YzAiOnsiY3JlYXRlIjozMDAwMDAwMDAwMDB9LCJzY2hlbWFfdmVyc2lvbiI6IjIifQ==",
          "dependencies": [
            "aws_security_group.bastion_sg",
            "aws_security_group.nginx_sg",
            "aws_vpc.nginx_vpc"
          ]
        }
      ]
    },
    {
      "mode": "managed",
      "type": "aws_security_group_rule",
      "name": "nginx_allow_ingress_ssh_from_bastion",
      "provider": "provider[\"registry.terraform.io/hashicorp/aws\"]",
      "instances": [
        {
          "index_key": 0,
          "schema_version": 2,
          "attributes": {
            "cidr_blocks": null,
            "description": null,
            "from_port": 22,
            "id": "sgrule-1858929020",
            "ipv6_cidr_blocks": null,
            "prefix_list_ids": null,
            "protocol": "tcp",
            "security_group_id": "sg-08e13856dca6306a6",
            "security_group_rule_id": "sgr-0ae05c91f9739566d",
            "self": false,
            "source_security_group_id": "sg-0b723cfde9581875d",
            "timeouts": null,
            "to_port": 22,
            "type": "ingress"
          },
          "sensitive_attributes": [],
          "private": "eyJlMmJmYjczMC1lY2FhLTExZTYtOGY4OC0zNDM2M2JjN2M0YzAiOnsiY3JlYXRlIjozMDAwMDAwMDAwMDB9LCJzY2hlbWFfdmVyc2lvbiI6IjIifQ==",
          "dependencies": [
            "aws_security_group.bastion_sg",
            "aws_security_group.nginx_sg",
            "aws_vpc.nginx_vpc"
          ]
        }
      ]
    },
    {
      "mode": "managed",
      "type": "aws_subnet",
      "name": "private_subnet",
      "provider": "provider[\"registry.terraform.io/hashicorp/aws\"]",
      "instances": [
        {
          "index_key": 0,
          "schema_version": 1,
          "attributes": {
            "arn": "arn:aws:ec2:ap-southeast-1:571600835849:subnet/subnet-0485bd85354363d33",
            "assign_ipv6_address_on_creation": false,
            "availability_zone": "ap-southeast-1a",
            "availability_zone_id": "apse1-az2",
            "cidr_block": "192.168.48.0/20",
            "customer_owned_ipv4_pool": "",
            "enable_dns64": false,
            "enable_lni_at_device_index": 0,
            "enable_resource_name_dns_a_record_on_launch": false,
            "enable_resource_name_dns_aaaa_record_on_launch": false,
            "id": "subnet-0485bd85354363d33",
            "ipv6_cidr_block": "",
            "ipv6_cidr_block_association_id": "",
            "ipv6_native": false,
            "map_customer_owned_ip_on_launch": false,
            "map_public_ip_on_launch": false,
            "outpost_arn": "",
            "owner_id": "571600835849",
            "private_dns_hostname_type_on_launch": "ip-name",
            "tags": {
              "Name": "Private-Subnet-0"
            },
            "tags_all": {
              "Name": "Private-Subnet-0"
            },
            "timeouts": null,
            "vpc_id": "vpc-0fd0373f7da60c594"
          },
          "sensitive_attributes": [],
          "private": "eyJlMmJmYjczMC1lY2FhLTExZTYtOGY4OC0zNDM2M2JjN2M0YzAiOnsiY3JlYXRlIjo2MDAwMDAwMDAwMDAsImRlbGV0ZSI6MTIwMDAwMDAwMDAwMH0sInNjaGVtYV92ZXJzaW9uIjoiMSJ9",
          "dependencies": [
            "aws_vpc.nginx_vpc",
            "data.aws_availability_zones.available"
          ]
        },
        {
          "index_key": 1,
          "schema_version": 1,
          "attributes": {
            "arn": "arn:aws:ec2:ap-southeast-1:571600835849:subnet/subnet-0c125a2bc0104da10",
            "assign_ipv6_address_on_creation": false,
            "availability_zone": "ap-southeast-1b",
            "availability_zone_id": "apse1-az1",
            "cidr_block": "192.168.64.0/20",
            "customer_owned_ipv4_pool": "",
            "enable_dns64": false,
            "enable_lni_at_device_index": 0,
            "enable_resource_name_dns_a_record_on_launch": false,
            "enable_resource_name_dns_aaaa_record_on_launch": false,
            "id": "subnet-0c125a2bc0104da10",
            "ipv6_cidr_block": "",
            "ipv6_cidr_block_association_id": "",
            "ipv6_native": false,
            "map_customer_owned_ip_on_launch": false,
            "map_public_ip_on_launch": false,
            "outpost_arn": "",
            "owner_id": "571600835849",
            "private_dns_hostname_type_on_launch": "ip-name",
            "tags": {
              "Name": "Private-Subnet-1"
            },
            "tags_all": {
              "Name": "Private-Subnet-1"
            },
            "timeouts": null,
            "vpc_id": "vpc-0fd0373f7da60c594"
          },
          "sensitive_attributes": [],
          "private": "eyJlMmJmYjczMC1lY2FhLTExZTYtOGY4OC0zNDM2M2JjN2M0YzAiOnsiY3JlYXRlIjo2MDAwMDAwMDAwMDAsImRlbGV0ZSI6MTIwMDAwMDAwMDAwMH0sInNjaGVtYV92ZXJzaW9uIjoiMSJ9",
          "dependencies": [
            "aws_vpc.nginx_vpc",
            "data.aws_availability_zones.available"
          ]
        },
        {
          "index_key": 2,
          "schema_version": 1,
          "attributes": {
            "arn": "arn:aws:ec2:ap-southeast-1:571600835849:subnet/subnet-0c8d163d2af65924e",
            "assign_ipv6_address_on_creation": false,
            "availability_zone": "ap-southeast-1c",
            "availability_zone_id": "apse1-az3",
            "cidr_block": "192.168.80.0/20",
            "customer_owned_ipv4_pool": "",
            "enable_dns64": false,
            "enable_lni_at_device_index": 0,
            "enable_resource_name_dns_a_record_on_launch": false,
            "enable_resource_name_dns_aaaa_record_on_launch": false,
            "id": "subnet-0c8d163d2af65924e",
            "ipv6_cidr_block": "",
            "ipv6_cidr_block_association_id": "",
            "ipv6_native": false,
            "map_customer_owned_ip_on_launch": false,
            "map_public_ip_on_launch": false,
            "outpost_arn": "",
            "owner_id": "571600835849",
            "private_dns_hostname_type_on_launch": "ip-name",
            "tags": {
              "Name": "Private-Subnet-2"
            },
            "tags_all": {
              "Name": "Private-Subnet-2"
            },
            "timeouts": null,
            "vpc_id": "vpc-0fd0373f7da60c594"
          },
          "sensitive_attributes": [],
          "private": "eyJlMmJmYjczMC1lY2FhLTExZTYtOGY4OC0zNDM2M2JjN2M0YzAiOnsiY3JlYXRlIjo2MDAwMDAwMDAwMDAsImRlbGV0ZSI6MTIwMDAwMDAwMDAwMH0sInNjaGVtYV92ZXJzaW9uIjoiMSJ9",
          "dependencies": [
            "aws_vpc.nginx_vpc",
            "data.aws_availability_zones.available"
          ]
        }
      ]
    },
    {
      "mode": "managed",
      "type": "aws_subnet",
      "name": "public_subnet",
      "provider": "provider[\"registry.terraform.io/hashicorp/aws\"]",
      "instances": [
        {
          "index_key": 0,
          "schema_version": 1,
          "attributes": {
            "arn": "arn:aws:ec2:ap-southeast-1:571600835849:subnet/subnet-012eabb115bb3358c",
            "assign_ipv6_address_on_creation": false,
            "availability_zone": "ap-southeast-1a",
            "availability_zone_id": "apse1-az2",
            "cidr_block": "192.168.0.0/20",
            "customer_owned_ipv4_pool": "",
            "enable_dns64": false,
            "enable_lni_at_device_index": 0,
            "enable_resource_name_dns_a_record_on_launch": false,
            "enable_resource_name_dns_aaaa_record_on_launch": false,
            "id": "subnet-012eabb115bb3358c",
            "ipv6_cidr_block": "",
            "ipv6_cidr_block_association_id": "",
            "ipv6_native": false,
            "map_customer_owned_ip_on_launch": false,
            "map_public_ip_on_launch": true,
            "outpost_arn": "",
            "owner_id": "571600835849",
            "private_dns_hostname_type_on_launch": "ip-name",
            "tags": {
              "Name": "Public-Subnet-0"
            },
            "tags_all": {
              "Name": "Public-Subnet-0"
            },
            "timeouts": null,
            "vpc_id": "vpc-0fd0373f7da60c594"
          },
          "sensitive_attributes": [],
          "private": "eyJlMmJmYjczMC1lY2FhLTExZTYtOGY4OC0zNDM2M2JjN2M0YzAiOnsiY3JlYXRlIjo2MDAwMDAwMDAwMDAsImRlbGV0ZSI6MTIwMDAwMDAwMDAwMH0sInNjaGVtYV92ZXJzaW9uIjoiMSJ9",
          "dependencies": [
            "aws_vpc.nginx_vpc",
            "data.aws_availability_zones.available"
          ]
        },
        {
          "index_key": 1,
          "schema_version": 1,
          "attributes": {
            "arn": "arn:aws:ec2:ap-southeast-1:571600835849:subnet/subnet-011509fe831c67de2",
            "assign_ipv6_address_on_creation": false,
            "availability_zone": "ap-southeast-1b",
            "availability_zone_id": "apse1-az1",
            "cidr_block": "192.168.16.0/20",
            "customer_owned_ipv4_pool": "",
            "enable_dns64": false,
            "enable_lni_at_device_index": 0,
            "enable_resource_name_dns_a_record_on_launch": false,
            "enable_resource_name_dns_aaaa_record_on_launch": false,
            "id": "subnet-011509fe831c67de2",
            "ipv6_cidr_block": "",
            "ipv6_cidr_block_association_id": "",
            "ipv6_native": false,
            "map_customer_owned_ip_on_launch": false,
            "map_public_ip_on_launch": true,
            "outpost_arn": "",
            "owner_id": "571600835849",
            "private_dns_hostname_type_on_launch": "ip-name",
            "tags": {
              "Name": "Public-Subnet-1"
            },
            "tags_all": {
              "Name": "Public-Subnet-1"
            },
            "timeouts": null,
            "vpc_id": "vpc-0fd0373f7da60c594"
          },
          "sensitive_attributes": [],
          "private": "eyJlMmJmYjczMC1lY2FhLTExZTYtOGY4OC0zNDM2M2JjN2M0YzAiOnsiY3JlYXRlIjo2MDAwMDAwMDAwMDAsImRlbGV0ZSI6MTIwMDAwMDAwMDAwMH0sInNjaGVtYV92ZXJzaW9uIjoiMSJ9",
          "dependencies": [
            "aws_vpc.nginx_vpc",
            "data.aws_availability_zones.available"
          ]
        },
        {
          "index_key": 2,
          "schema_version": 1,
          "attributes": {
            "arn": "arn:aws:ec2:ap-southeast-1:571600835849:subnet/subnet-06b9d3feb38bea74b",
            "assign_ipv6_address_on_creation": false,
            "availability_zone": "ap-southeast-1c",
            "availability_zone_id": "apse1-az3",
            "cidr_block": "192.168.32.0/20",
            "customer_owned_ipv4_pool": "",
            "enable_dns64": false,
            "enable_lni_at_device_index": 0,
            "enable_resource_name_dns_a_record_on_launch": false,
            "enable_resource_name_dns_aaaa_record_on_launch": false,
            "id": "subnet-06b9d3feb38bea74b",
            "ipv6_cidr_block": "",
            "ipv6_cidr_block_association_id": "",
            "ipv6_native": false,
            "map_customer_owned_ip_on_launch": false,
            "map_public_ip_on_launch": true,
            "outpost_arn": "",
            "owner_id": "571600835849",
            "private_dns_hostname_type_on_launch": "ip-name",
            "tags": {
              "Name": "Public-Subnet-2"
            },
            "tags_all": {
              "Name": "Public-Subnet-2"
            },
            "timeouts": null,
            "vpc_id": "vpc-0fd0373f7da60c594"
          },
          "sensitive_attributes": [],
          "private": "eyJlMmJmYjczMC1lY2FhLTExZTYtOGY4OC0zNDM2M2JjN2M0YzAiOnsiY3JlYXRlIjo2MDAwMDAwMDAwMDAsImRlbGV0ZSI6MTIwMDAwMDAwMDAwMH0sInNjaGVtYV92ZXJzaW9uIjoiMSJ9",
          "dependencies": [
            "aws_vpc.nginx_vpc",
            "data.aws_availability_zones.available"
          ]
        }
      ]
    },
    {
      "mode": "managed",
      "type": "aws_vpc",
      "name": "nginx_vpc",
      "provider": "provider[\"registry.terraform.io/hashicorp/aws\"]",
      "instances": [
        {
          "index_key": 0,
          "schema_version": 1,
          "attributes": {
            "arn": "arn:aws:ec2:ap-southeast-1:571600835849:vpc/vpc-0fd0373f7da60c594",
            "assign_generated_ipv6_cidr_block": false,
            "cidr_block": "192.168.0.0/16",
            "default_network_acl_id": "acl-0d968c346406e32b6",
            "default_route_table_id": "rtb-048a40ab6a5f38e2f",
            "default_security_group_id": "sg-00145790bb48c3c3d",
            "dhcp_options_id": "dopt-01ae87d30d6c9292e",
            "enable_dns_hostnames": true,
            "enable_dns_support": true,
            "enable_network_address_usage_metrics": false,
            "id": "vpc-0fd0373f7da60c594",
            "instance_tenancy": "default",
            "ipv4_ipam_pool_id": null,
            "ipv4_netmask_length": null,
            "ipv6_association_id": "",
            "ipv6_cidr_block": "",
            "ipv6_cidr_block_network_border_group": "",
            "ipv6_ipam_pool_id": "",
            "ipv6_netmask_length": 0,
            "main_route_table_id": "rtb-048a40ab6a5f38e2f",
            "owner_id": "571600835849",
            "tags": {
              "Name": "Nginx-VPC"
            },
            "tags_all": {
              "Name": "Nginx-VPC"
            }
          },
          "sensitive_attributes": [],
          "private": "eyJzY2hlbWFfdmVyc2lvbiI6IjEifQ=="
        }
      ]
    },
    {
      "mode": "managed",
      "type": "local_file",
      "name": "private_key",
      "provider": "provider[\"registry.terraform.io/hashicorp/local\"]",
      "instances": [
        {
          "index_key": 0,
          "schema_version": 0,
          "attributes": {
            "content": "-----BEGIN RSA PRIVATE KEY-----\nMIIJKwIBAAKCAgEAqU/Rsms2+5EQgo37YaLzDPEpDKt8uSZBsRjmVn+aE43ymCQi\nCE69wv0WfkyxAHz6Ah09+pnzF1lzT+kyqu4RTBV75/NkYuhsBknwKtJUf24bmdUg\nyQ/C32qmtQsb6hvpANef0F7zCqTOVKkV3DANIw6fvmMdadCQB5VcIdqCAX2MDaIv\naDpmS3cdhIstHHOCOLP8y2f683mL+bGJy+g1xNXl1QVSbLPspQPuRCzdLI0NWXGy\nVrEL86E6z46EBvRsnQCpeaiI818OlSfGS0xbj+c9I4A8q6YESElGyPVCh6tbV7+M\nl7J4q21G+1rqbAbqKfx7km0v9X8Zv6SoJILTktRTzc+1A10WCRCF5ogyjanhK5Gp\nMEqSGp1X+gVPqAlhpWxUUqWCpDgWaMszsJwaYWAYFjH+eCFM2+dtqIFljiI8WEpA\nlFOw7HmcKnUeY8skbEkIf3ko6uq9xHvRh33EaoFb7YFg/BeVwLuIinDJFiX319ei\nXKlE/Mqrg8KcOxNsNask66tbTrQG7zV9DehrGWpdkEd14KWxl+DoQKRCAa2Oq66E\nbuqCkCv4h0wkj67Es88GGmrxQnneTIEZk81suiFCK4LVbRmL2i9JwwMnCi1Py3d4\nFUFTDIqWKTVrCL62sCWNde90CEARRt9jPYwAH9HTqIz3CNT6UPHs/XRCMmcCAwEA\nAQKCAgEAj960mMDEOuZcuiN97cxybZfrQsnhtM7OWXeIGw5Y1a7z6tYhWR/X3f4D\nhBUU/w4zv2IrzWvOBhRLiSbmmBqt9hH3dPT8Y5OOX5WqkCikBpiAuapCLrfG5uQQ\nfpzO/pLy3nVbZsuYCH5cmdIIMk9eimCd20ELuGOyT89aN6YefLe7L8aWNCIT1KKG\nIZ/GGHwKtrYy5IEZ3JR3Hhj/t5Y9QmJj5yybiqUlPF9nsuTQmE/PfSbA3SuatU5W\n1BINHH/MX2k1mZxdqzgmAxaGSGu9Dj33VNheNZlf4DDsBk1qWDCC8MBi7nCIW1sD\nSwlJU7xYdI8ITjeb3ic/sPpwqn3E24fCdwsMUcFzWuYjm1MNv1KsnGvIglu+gq9A\ndEGaZ9BssscJQchSU6V2s6grLVjJ947vFf44uCDMsuUina3nxt6CIDaIqiReQGzC\nfIrhIU/SG1OLuLc3HutPn3pPNMrsSZFUX5MVElBC0K/h60++eFN6iNjIGmVR3ods\nIEv8w/RBU1ly1S4cMyYzQmwDqi2q2wBycws/Dwz+W8z8L9+3siE74Wc609c6JRc5\nthNpjPD7sEj5y0KQ9O/V7IobnaR0Jarp4nNcX5i2xK7BYdNuNhu71pTPN0Syjpte\nn/QMlZpB7DfKvsNTx6CiytebHNnnFP0bEzcAQAw+1YW14taXPfECggEBAOFs7U53\nXm+knB3wCqdPQ7eJ033m48AweQy9+YXQk/Z6TpfhdtCMB8tntiPkrNYRHFflyRy+\nCK90WXF5JHc9cSabzetl6v/Dk64hM8T8rpDwURhH1wMB2Q1WSWpvcEHquhB8aJG/\nOwqEuVsinKSdm7UH3OICAq5ZHKWhao2AubuZWaID/3qeyKaE8gr9Pxija7keDzLP\nriegR57pv9OurzoPGtjbZJB590WuMjLGNyAAzYaXjdlDCyM+fLCvkZqy2eULGZWD\nrOqbM/HWRPtRLEecWgdxXJgeja9XyveMnsv2CuK+57hxG/SSV0+3KqD6K80vDrG0\nCTMLpo6adR0GN28CggEBAMBGjL3Gxun0FoEOfEzRyoWJPS7j+vGBaseGf9MGUaon\nr7x8DILR3PP4I2iIieiLTDCfr6GVmNL68mNlFkHf07vSRF/MDcVu9FZkQNXUBxOQ\nbku8iuYW3DwZXGprIxkS8Swk7wzWhCPLFOzYospfmSiEgH68SCMuKhXd0Tfz4mOs\nYCc84zst0IIC3cuMdl+zjyKPniTfFCEZ+aGRzwqnydbObHQqvkfuSsER1/b4octA\n8wlUOv1i4i0T3WcPb5UbRpTkeroztIeYZSiTeH38e70Z0g2xk3xadLAzhJA8EI+m\nHUQP3wPp6nC/Zr14zB2amKlz7B5jkofZhUiOmTf1+IkCggEBALxG7xkXR++1K5Mx\nlqRQ5r0Xx2Wjf1tY4PGMhiiGod4+HwBploPuQOBZed4Ws2iDmAmt6UAxVC2+3qmQ\nxa01yxi1DtLqJ9GAtwq7vnJrnR1/Kiw+bE2dsHycMetMshTMCKWWUvxQHO7XFb0R\ndoVjAda8f3bguP6HfQ61d7pB5l7SYPOZpTrz/aBe743QIG/ipilR+t20ab+89bS7\nhLU3dDDoxsKS0zZ8N9Oh/1k7BnWbVg1w7U+l2FqSaTBlIxZzBNxxXefrt3OnN0Zo\ncOr6zCHva55Fx1FiS3JEwEfr0gGGOWdSjVUWW4P06imxUVBsQkM4Z2xyczCILY9z\nYBdixs8CggEBAKWjoVdTyMR/HGvtmLNs/7TuN6EPkX0/6kcc3T1j8jJNoh0UGIsS\nU/Bw0cAZ8AQ/DFHPHzRqdY871FhAG16Afh0N1Q1Z8nslTKSoFRqgX8BA6mOgd2Ak\nTXIQvwaGaWQOZ2mKH83Fd2yGZO5s6kDA/mZjT3beqJ52BJd10ekL1vna47Kpx2+R\n1lBKO9xAkzF6tFInuys0aljh0aWYwO4DAeRlTBT/RZEd/ZQ51PzT0D4TI8vjnjXv\nW71NoaxJJe0j5DgcZIXISTuO04aTFHgkbEzJ06UsV0wHeQLaPtcqh3HYvtmFerAa\ncXbTzKRpTh4qsl04mi7LxM33W9TX07Lb2VECggEBAK3WXIWjOQnr1UITTOeCOH2U\nGyLwA9UJTyLNYSzDCSElOIOJqlSgeUDs1umkldCwRcJdYDghRjfwCq0EY/Na3lNC\nQWsP+90npwoKdys/KZ7OyBdc4or61deKkgRfJIrsnH5ajuFoScGQxnZ5TafI0jRY\nV/kGiW2JoF4nu72W3zGY4nLk1I+3gBu1ohRRhFKzqOyo999mPwcLSyu5FB4o/5Bd\nJUlR/QBynYEW7RXkQYobpbMNWvlmKfeREX8E9gIkD0BnA4E/IRmiGg0CejkSEDNI\nRCEYQWAbjSLu0jQqhpnwrKs6U+nGfnRv1WUDaDqHTppEXRplxrDG27AK18MkzQs=\n-----END RSA PRIVATE KEY-----\n",
            "content_base64": null,
            "content_base64sha256": "FFN877261RKvHaNkOGfxOBkFsdK9gbPCC0LdiOa6ReQ=",
            "content_base64sha512": "RTqibyuaEngIapwipchrTtGurVrxynUU1qn9ODGiLObSSUG+niOMgtAexNmIN+cWBPqgiMqaHfkhe3T+r27z6w==",
            "content_md5": "4d9b25642e9fb5e7d364234e9982aaad",
            "content_sha1": "b11e447f968fac7fcf503f13d3d3bec7d7398bd7",
            "content_sha256": "14537cefbdbad512af1da3643867f1381905b1d2bd81b3c20b42dd88e6ba45e4",
            "content_sha512": "453aa26f2b9a1278086a9c22a5c86b4ed1aead5af1ca7514d6a9fd3831a22ce6d24941be9e238c82d01ec4d98837e71604faa088ca9a1df9217b74feaf6ef3eb",
            "directory_permission": "0777",
            "file_permission": "400",
            "filename": "./generated/bastion_sg.pem",
            "id": "b11e447f968fac7fcf503f13d3d3bec7d7398bd7",
            "sensitive_content": null,
            "source": null
          },
          "sensitive_attributes": [
            [
              {
                "type": "get_attr",
                "value": "content"
              }
            ],
            [
              {
                "type": "get_attr",
                "value": "sensitive_content"
              }
            ]
          ],
          "dependencies": [
            "tls_private_key.key_pair"
          ]
        }
      ]
    },
    {
      "mode": "managed",
      "type": "tls_private_key",
      "name": "key_pair",
      "provider": "provider[\"registry.terraform.io/hashicorp/tls\"]",
      "instances": [
        {
          "index_key": 0,
          "schema_version": 1,
          "attributes": {
            "algorithm": "RSA",
            "ecdsa_curve": "P224",
            "id": "468b7e89f5bc76b92396882b91b89de2b06f0a36",
            "private_key_openssh": "-----BEGIN OPENSSH PRIVATE KEY-----\nb3BlbnNzaC1rZXktdjEAAAAABG5vbmUAAAAEbm9uZQAAAAAAAAABAAACFwAAAAdz\nc2gtcnNhAAAAAwEAAQAAAgEAqU/Rsms2+5EQgo37YaLzDPEpDKt8uSZBsRjmVn+a\nE43ymCQiCE69wv0WfkyxAHz6Ah09+pnzF1lzT+kyqu4RTBV75/NkYuhsBknwKtJU\nf24bmdUgyQ/C32qmtQsb6hvpANef0F7zCqTOVKkV3DANIw6fvmMdadCQB5VcIdqC\nAX2MDaIvaDpmS3cdhIstHHOCOLP8y2f683mL+bGJy+g1xNXl1QVSbLPspQPuRCzd\nLI0NWXGyVrEL86E6z46EBvRsnQCpeaiI818OlSfGS0xbj+c9I4A8q6YESElGyPVC\nh6tbV7+Ml7J4q21G+1rqbAbqKfx7km0v9X8Zv6SoJILTktRTzc+1A10WCRCF5ogy\njanhK5GpMEqSGp1X+gVPqAlhpWxUUqWCpDgWaMszsJwaYWAYFjH+eCFM2+dtqIFl\njiI8WEpAlFOw7HmcKnUeY8skbEkIf3ko6uq9xHvRh33EaoFb7YFg/BeVwLuIinDJ\nFiX319eiXKlE/Mqrg8KcOxNsNask66tbTrQG7zV9DehrGWpdkEd14KWxl+DoQKRC\nAa2Oq66EbuqCkCv4h0wkj67Es88GGmrxQnneTIEZk81suiFCK4LVbRmL2i9JwwMn\nCi1Py3d4FUFTDIqWKTVrCL62sCWNde90CEARRt9jPYwAH9HTqIz3CNT6UPHs/XRC\nMmcAAAc4YU9DN2FPQzcAAAAHc3NoLXJzYQAAAgEAqU/Rsms2+5EQgo37YaLzDPEp\nDKt8uSZBsRjmVn+aE43ymCQiCE69wv0WfkyxAHz6Ah09+pnzF1lzT+kyqu4RTBV7\n5/NkYuhsBknwKtJUf24bmdUgyQ/C32qmtQsb6hvpANef0F7zCqTOVKkV3DANIw6f\nvmMdadCQB5VcIdqCAX2MDaIvaDpmS3cdhIstHHOCOLP8y2f683mL+bGJy+g1xNXl\n1QVSbLPspQPuRCzdLI0NWXGyVrEL86E6z46EBvRsnQCpeaiI818OlSfGS0xbj+c9\nI4A8q6YESElGyPVCh6tbV7+Ml7J4q21G+1rqbAbqKfx7km0v9X8Zv6SoJILTktRT\nzc+1A10WCRCF5ogyjanhK5GpMEqSGp1X+gVPqAlhpWxUUqWCpDgWaMszsJwaYWAY\nFjH+eCFM2+dtqIFljiI8WEpAlFOw7HmcKnUeY8skbEkIf3ko6uq9xHvRh33EaoFb\n7YFg/BeVwLuIinDJFiX319eiXKlE/Mqrg8KcOxNsNask66tbTrQG7zV9DehrGWpd\nkEd14KWxl+DoQKRCAa2Oq66EbuqCkCv4h0wkj67Es88GGmrxQnneTIEZk81suiFC\nK4LVbRmL2i9JwwMnCi1Py3d4FUFTDIqWKTVrCL62sCWNde90CEARRt9jPYwAH9HT\nqIz3CNT6UPHs/XRCMmcAAAADAQABAAACAQCP3rSYwMQ65ly6I33tzHJtl+tCyeG0\nzs5Zd4gbDljVrvPq1iFZH9fd/gOEFRT/DjO/YivNa84GFEuJJuaYGq32Efd09Pxj\nk45flaqQKKQGmIC5qkIut8bm5BB+nM7+kvLedVtmy5gIflyZ0ggyT16KYJ3bQQu4\nY7JPz1o3ph58t7svxpY0IhPUooYhn8YYfAq2tjLkgRnclHceGP+3lj1CYmPnLJuK\npSU8X2ey5NCYT899JsDdK5q1TlbUEg0cf8xfaTWZnF2rOCYDFoZIa70OPfdU2F41\nmV/gMOwGTWpYMILwwGLucIhbWwNLCUlTvFh0jwhON5veJz+w+nCqfcTbh8J3CwxR\nwXNa5iObUw2/Uqyca8iCW76Cr0B0QZpn0GyyxwlByFJTpXazqCstWMn3ju8V/ji4\nIMyy5SKdrefG3oIgNoiqJF5AbMJ8iuEhT9IbU4u4tzce60+fek80yuxJkVRfkxUS\nUELQr+HrT754U3qI2MgaZVHeh2wgS/zD9EFTWXLVLhwzJjNCbAOqLarbAHJzCz8P\nDP5bzPwv37eyITvhZzrT1zolFzm2E2mM8PuwSPnLQpD079XsihudpHQlqunic1xf\nmLbErsFh0242G7vWlM83RLKOm16f9AyVmkHsN8q+w1PHoKLK15sc2ecU/RsTNwBA\nDD7VhbXi1pc98QAAAQEArdZchaM5CevVQhNM54I4fZQbIvAD1QlPIs1hLMMJISU4\ng4mqVKB5QOzW6aSV0LBFwl1gOCFGN/AKrQRj81reU0JBaw/73SenCgp3Kz8pns7I\nF1ziivrV14qSBF8kiuycflqO4WhJwZDGdnlNp8jSNFhX+QaJbYmgXie7vZbfMZji\ncuTUj7eAG7WiFFGEUrOo7Kj332Y/BwtLK7kUHij/kF0lSVH9AHKdgRbtFeRBihul\nsw1a+WYp95ERfwT2AiQPQGcDgT8hGaIaDQJ6ORIQM0hEIRhBYBuNIu7SNCqGmfCs\nqzpT6cZ+dG/VZQNoOodOmkRdGmXGsMbbsArXwyTNCwAAAQEA4WztTndeb6ScHfAK\np09Dt4nTfebjwDB5DL35hdCT9npOl+F20IwHy2e2I+Ss1hEcV+XJHL4Ir3RZcXkk\ndz1xJpvN62Xq/8OTriEzxPyukPBRGEfXAwHZDVZJam9wQeq6EHxokb87CoS5WyKc\npJ2btQfc4gICrlkcpaFqjYC5u5lZogP/ep7IpoTyCv0/GKNruR4PMs+uJ6BHnum/\n066vOg8a2NtkkHn3Ra4yMsY3IADNhpeN2UMLIz58sK+RmrLZ5QsZlYOs6psz8dZE\n+1EsR5xaB3FcmB6Nr1fK94yey/YK4r7nuHEb9JJXT7cqoPorzS8OsbQJMwumjpp1\nHQY3bwAAAQEAwEaMvcbG6fQWgQ58TNHKhYk9LuP68YFqx4Z/0wZRqievvHwMgtHc\n8/gjaIiJ6ItMMJ+voZWY0vryY2UWQd/Tu9JEX8wNxW70VmRA1dQHE5BuS7yK5hbc\nPBlcamsjGRLxLCTvDNaEI8sU7Niiyl+ZKISAfrxIIy4qFd3RN/PiY6xgJzzjOy3Q\nggLdy4x2X7OPIo+eJN8UIRn5oZHPCqfJ1s5sdCq+R+5KwRHX9vihy0DzCVQ6/WLi\nLRPdZw9vlRtGlOR6ujO0h5hlKJN4ffx7vRnSDbGTfFp0sDOEkDwQj6YdRA/fA+nq\ncL9mvXjMHZqYqXPsHmOSh9mFSI6ZN/X4iQAAAAAB\n-----END OPENSSH PRIVATE KEY-----\n",
            "private_key_pem": "-----BEGIN RSA PRIVATE KEY-----\nMIIJKwIBAAKCAgEAqU/Rsms2+5EQgo37YaLzDPEpDKt8uSZBsRjmVn+aE43ymCQi\nCE69wv0WfkyxAHz6Ah09+pnzF1lzT+kyqu4RTBV75/NkYuhsBknwKtJUf24bmdUg\nyQ/C32qmtQsb6hvpANef0F7zCqTOVKkV3DANIw6fvmMdadCQB5VcIdqCAX2MDaIv\naDpmS3cdhIstHHOCOLP8y2f683mL+bGJy+g1xNXl1QVSbLPspQPuRCzdLI0NWXGy\nVrEL86E6z46EBvRsnQCpeaiI818OlSfGS0xbj+c9I4A8q6YESElGyPVCh6tbV7+M\nl7J4q21G+1rqbAbqKfx7km0v9X8Zv6SoJILTktRTzc+1A10WCRCF5ogyjanhK5Gp\nMEqSGp1X+gVPqAlhpWxUUqWCpDgWaMszsJwaYWAYFjH+eCFM2+dtqIFljiI8WEpA\nlFOw7HmcKnUeY8skbEkIf3ko6uq9xHvRh33EaoFb7YFg/BeVwLuIinDJFiX319ei\nXKlE/Mqrg8KcOxNsNask66tbTrQG7zV9DehrGWpdkEd14KWxl+DoQKRCAa2Oq66E\nbuqCkCv4h0wkj67Es88GGmrxQnneTIEZk81suiFCK4LVbRmL2i9JwwMnCi1Py3d4\nFUFTDIqWKTVrCL62sCWNde90CEARRt9jPYwAH9HTqIz3CNT6UPHs/XRCMmcCAwEA\nAQKCAgEAj960mMDEOuZcuiN97cxybZfrQsnhtM7OWXeIGw5Y1a7z6tYhWR/X3f4D\nhBUU/w4zv2IrzWvOBhRLiSbmmBqt9hH3dPT8Y5OOX5WqkCikBpiAuapCLrfG5uQQ\nfpzO/pLy3nVbZsuYCH5cmdIIMk9eimCd20ELuGOyT89aN6YefLe7L8aWNCIT1KKG\nIZ/GGHwKtrYy5IEZ3JR3Hhj/t5Y9QmJj5yybiqUlPF9nsuTQmE/PfSbA3SuatU5W\n1BINHH/MX2k1mZxdqzgmAxaGSGu9Dj33VNheNZlf4DDsBk1qWDCC8MBi7nCIW1sD\nSwlJU7xYdI8ITjeb3ic/sPpwqn3E24fCdwsMUcFzWuYjm1MNv1KsnGvIglu+gq9A\ndEGaZ9BssscJQchSU6V2s6grLVjJ947vFf44uCDMsuUina3nxt6CIDaIqiReQGzC\nfIrhIU/SG1OLuLc3HutPn3pPNMrsSZFUX5MVElBC0K/h60++eFN6iNjIGmVR3ods\nIEv8w/RBU1ly1S4cMyYzQmwDqi2q2wBycws/Dwz+W8z8L9+3siE74Wc609c6JRc5\nthNpjPD7sEj5y0KQ9O/V7IobnaR0Jarp4nNcX5i2xK7BYdNuNhu71pTPN0Syjpte\nn/QMlZpB7DfKvsNTx6CiytebHNnnFP0bEzcAQAw+1YW14taXPfECggEBAOFs7U53\nXm+knB3wCqdPQ7eJ033m48AweQy9+YXQk/Z6TpfhdtCMB8tntiPkrNYRHFflyRy+\nCK90WXF5JHc9cSabzetl6v/Dk64hM8T8rpDwURhH1wMB2Q1WSWpvcEHquhB8aJG/\nOwqEuVsinKSdm7UH3OICAq5ZHKWhao2AubuZWaID/3qeyKaE8gr9Pxija7keDzLP\nriegR57pv9OurzoPGtjbZJB590WuMjLGNyAAzYaXjdlDCyM+fLCvkZqy2eULGZWD\nrOqbM/HWRPtRLEecWgdxXJgeja9XyveMnsv2CuK+57hxG/SSV0+3KqD6K80vDrG0\nCTMLpo6adR0GN28CggEBAMBGjL3Gxun0FoEOfEzRyoWJPS7j+vGBaseGf9MGUaon\nr7x8DILR3PP4I2iIieiLTDCfr6GVmNL68mNlFkHf07vSRF/MDcVu9FZkQNXUBxOQ\nbku8iuYW3DwZXGprIxkS8Swk7wzWhCPLFOzYospfmSiEgH68SCMuKhXd0Tfz4mOs\nYCc84zst0IIC3cuMdl+zjyKPniTfFCEZ+aGRzwqnydbObHQqvkfuSsER1/b4octA\n8wlUOv1i4i0T3WcPb5UbRpTkeroztIeYZSiTeH38e70Z0g2xk3xadLAzhJA8EI+m\nHUQP3wPp6nC/Zr14zB2amKlz7B5jkofZhUiOmTf1+IkCggEBALxG7xkXR++1K5Mx\nlqRQ5r0Xx2Wjf1tY4PGMhiiGod4+HwBploPuQOBZed4Ws2iDmAmt6UAxVC2+3qmQ\nxa01yxi1DtLqJ9GAtwq7vnJrnR1/Kiw+bE2dsHycMetMshTMCKWWUvxQHO7XFb0R\ndoVjAda8f3bguP6HfQ61d7pB5l7SYPOZpTrz/aBe743QIG/ipilR+t20ab+89bS7\nhLU3dDDoxsKS0zZ8N9Oh/1k7BnWbVg1w7U+l2FqSaTBlIxZzBNxxXefrt3OnN0Zo\ncOr6zCHva55Fx1FiS3JEwEfr0gGGOWdSjVUWW4P06imxUVBsQkM4Z2xyczCILY9z\nYBdixs8CggEBAKWjoVdTyMR/HGvtmLNs/7TuN6EPkX0/6kcc3T1j8jJNoh0UGIsS\nU/Bw0cAZ8AQ/DFHPHzRqdY871FhAG16Afh0N1Q1Z8nslTKSoFRqgX8BA6mOgd2Ak\nTXIQvwaGaWQOZ2mKH83Fd2yGZO5s6kDA/mZjT3beqJ52BJd10ekL1vna47Kpx2+R\n1lBKO9xAkzF6tFInuys0aljh0aWYwO4DAeRlTBT/RZEd/ZQ51PzT0D4TI8vjnjXv\nW71NoaxJJe0j5DgcZIXISTuO04aTFHgkbEzJ06UsV0wHeQLaPtcqh3HYvtmFerAa\ncXbTzKRpTh4qsl04mi7LxM33W9TX07Lb2VECggEBAK3WXIWjOQnr1UITTOeCOH2U\nGyLwA9UJTyLNYSzDCSElOIOJqlSgeUDs1umkldCwRcJdYDghRjfwCq0EY/Na3lNC\nQWsP+90npwoKdys/KZ7OyBdc4or61deKkgRfJIrsnH5ajuFoScGQxnZ5TafI0jRY\nV/kGiW2JoF4nu72W3zGY4nLk1I+3gBu1ohRRhFKzqOyo999mPwcLSyu5FB4o/5Bd\nJUlR/QBynYEW7RXkQYobpbMNWvlmKfeREX8E9gIkD0BnA4E/IRmiGg0CejkSEDNI\nRCEYQWAbjSLu0jQqhpnwrKs6U+nGfnRv1WUDaDqHTppEXRplxrDG27AK18MkzQs=\n-----END RSA PRIVATE KEY-----\n",
            "private_key_pem_pkcs8": "-----BEGIN PRIVATE KEY-----\nMIIJRQIBADANBgkqhkiG9w0BAQEFAASCCS8wggkrAgEAAoICAQCpT9Gyazb7kRCC\njfthovMM8SkMq3y5JkGxGOZWf5oTjfKYJCIITr3C/RZ+TLEAfPoCHT36mfMXWXNP\n6TKq7hFMFXvn82Ri6GwGSfAq0lR/bhuZ1SDJD8Lfaqa1CxvqG+kA15/QXvMKpM5U\nqRXcMA0jDp++Yx1p0JAHlVwh2oIBfYwNoi9oOmZLdx2Eiy0cc4I4s/zLZ/rzeYv5\nsYnL6DXE1eXVBVJss+ylA+5ELN0sjQ1ZcbJWsQvzoTrPjoQG9GydAKl5qIjzXw6V\nJ8ZLTFuP5z0jgDyrpgRISUbI9UKHq1tXv4yXsnirbUb7WupsBuop/HuSbS/1fxm/\npKgkgtOS1FPNz7UDXRYJEIXmiDKNqeErkakwSpIanVf6BU+oCWGlbFRSpYKkOBZo\nyzOwnBphYBgWMf54IUzb522ogWWOIjxYSkCUU7DseZwqdR5jyyRsSQh/eSjq6r3E\ne9GHfcRqgVvtgWD8F5XAu4iKcMkWJffX16JcqUT8yquDwpw7E2w1qyTrq1tOtAbv\nNX0N6GsZal2QR3XgpbGX4OhApEIBrY6rroRu6oKQK/iHTCSPrsSzzwYaavFCed5M\ngRmTzWy6IUIrgtVtGYvaL0nDAycKLU/Ld3gVQVMMipYpNWsIvrawJY1173QIQBFG\n32M9jAAf0dOojPcI1PpQ8ez9dEIyZwIDAQABAoICAQCP3rSYwMQ65ly6I33tzHJt\nl+tCyeG0zs5Zd4gbDljVrvPq1iFZH9fd/gOEFRT/DjO/YivNa84GFEuJJuaYGq32\nEfd09Pxjk45flaqQKKQGmIC5qkIut8bm5BB+nM7+kvLedVtmy5gIflyZ0ggyT16K\nYJ3bQQu4Y7JPz1o3ph58t7svxpY0IhPUooYhn8YYfAq2tjLkgRnclHceGP+3lj1C\nYmPnLJuKpSU8X2ey5NCYT899JsDdK5q1TlbUEg0cf8xfaTWZnF2rOCYDFoZIa70O\nPfdU2F41mV/gMOwGTWpYMILwwGLucIhbWwNLCUlTvFh0jwhON5veJz+w+nCqfcTb\nh8J3CwxRwXNa5iObUw2/Uqyca8iCW76Cr0B0QZpn0GyyxwlByFJTpXazqCstWMn3\nju8V/ji4IMyy5SKdrefG3oIgNoiqJF5AbMJ8iuEhT9IbU4u4tzce60+fek80yuxJ\nkVRfkxUSUELQr+HrT754U3qI2MgaZVHeh2wgS/zD9EFTWXLVLhwzJjNCbAOqLarb\nAHJzCz8PDP5bzPwv37eyITvhZzrT1zolFzm2E2mM8PuwSPnLQpD079XsihudpHQl\nqunic1xfmLbErsFh0242G7vWlM83RLKOm16f9AyVmkHsN8q+w1PHoKLK15sc2ecU\n/RsTNwBADD7VhbXi1pc98QKCAQEA4WztTndeb6ScHfAKp09Dt4nTfebjwDB5DL35\nhdCT9npOl+F20IwHy2e2I+Ss1hEcV+XJHL4Ir3RZcXkkdz1xJpvN62Xq/8OTriEz\nxPyukPBRGEfXAwHZDVZJam9wQeq6EHxokb87CoS5WyKcpJ2btQfc4gICrlkcpaFq\njYC5u5lZogP/ep7IpoTyCv0/GKNruR4PMs+uJ6BHnum/066vOg8a2NtkkHn3Ra4y\nMsY3IADNhpeN2UMLIz58sK+RmrLZ5QsZlYOs6psz8dZE+1EsR5xaB3FcmB6Nr1fK\n94yey/YK4r7nuHEb9JJXT7cqoPorzS8OsbQJMwumjpp1HQY3bwKCAQEAwEaMvcbG\n6fQWgQ58TNHKhYk9LuP68YFqx4Z/0wZRqievvHwMgtHc8/gjaIiJ6ItMMJ+voZWY\n0vryY2UWQd/Tu9JEX8wNxW70VmRA1dQHE5BuS7yK5hbcPBlcamsjGRLxLCTvDNaE\nI8sU7Niiyl+ZKISAfrxIIy4qFd3RN/PiY6xgJzzjOy3QggLdy4x2X7OPIo+eJN8U\nIRn5oZHPCqfJ1s5sdCq+R+5KwRHX9vihy0DzCVQ6/WLiLRPdZw9vlRtGlOR6ujO0\nh5hlKJN4ffx7vRnSDbGTfFp0sDOEkDwQj6YdRA/fA+nqcL9mvXjMHZqYqXPsHmOS\nh9mFSI6ZN/X4iQKCAQEAvEbvGRdH77UrkzGWpFDmvRfHZaN/W1jg8YyGKIah3j4f\nAGmWg+5A4Fl53hazaIOYCa3pQDFULb7eqZDFrTXLGLUO0uon0YC3Cru+cmudHX8q\nLD5sTZ2wfJwx60yyFMwIpZZS/FAc7tcVvRF2hWMB1rx/duC4/od9DrV3ukHmXtJg\n85mlOvP9oF7vjdAgb+KmKVH63bRpv7z1tLuEtTd0MOjGwpLTNnw306H/WTsGdZtW\nDXDtT6XYWpJpMGUjFnME3HFd5+u3c6c3Rmhw6vrMIe9rnkXHUWJLckTAR+vSAYY5\nZ1KNVRZbg/TqKbFRUGxCQzhnbHJzMIgtj3NgF2LGzwKCAQEApaOhV1PIxH8ca+2Y\ns2z/tO43oQ+RfT/qRxzdPWPyMk2iHRQYixJT8HDRwBnwBD8MUc8fNGp1jzvUWEAb\nXoB+HQ3VDVnyeyVMpKgVGqBfwEDqY6B3YCRNchC/BoZpZA5naYofzcV3bIZk7mzq\nQMD+ZmNPdt6onnYEl3XR6QvW+drjsqnHb5HWUEo73ECTMXq0Uie7KzRqWOHRpZjA\n7gMB5GVMFP9FkR39lDnU/NPQPhMjy+OeNe9bvU2hrEkl7SPkOBxkhchJO47ThpMU\neCRsTMnTpSxXTAd5Ato+1yqHcdi+2YV6sBpxdtPMpGlOHiqyXTiaLsvEzfdb1NfT\nstvZUQKCAQEArdZchaM5CevVQhNM54I4fZQbIvAD1QlPIs1hLMMJISU4g4mqVKB5\nQOzW6aSV0LBFwl1gOCFGN/AKrQRj81reU0JBaw/73SenCgp3Kz8pns7IF1ziivrV\n14qSBF8kiuycflqO4WhJwZDGdnlNp8jSNFhX+QaJbYmgXie7vZbfMZjicuTUj7eA\nG7WiFFGEUrOo7Kj332Y/BwtLK7kUHij/kF0lSVH9AHKdgRbtFeRBihulsw1a+WYp\n95ERfwT2AiQPQGcDgT8hGaIaDQJ6ORIQM0hEIRhBYBuNIu7SNCqGmfCsqzpT6cZ+\ndG/VZQNoOodOmkRdGmXGsMbbsArXwyTNCw==\n-----END PRIVATE KEY-----\n",
            "public_key_fingerprint_md5": "d1:e5:9e:77:d3:ff:e3:8e:fd:e7:54:3f:bf:13:84:59",
            "public_key_fingerprint_sha256": "SHA256:m9HfGKk+7XlPg0qUdV4jhE+e/esA9IDWGLNnlZ3bxKc",
            "public_key_openssh": "ssh-rsa AAAAB3NzaC1yc2EAAAADAQABAAACAQCpT9Gyazb7kRCCjfthovMM8SkMq3y5JkGxGOZWf5oTjfKYJCIITr3C/RZ+TLEAfPoCHT36mfMXWXNP6TKq7hFMFXvn82Ri6GwGSfAq0lR/bhuZ1SDJD8Lfaqa1CxvqG+kA15/QXvMKpM5UqRXcMA0jDp++Yx1p0JAHlVwh2oIBfYwNoi9oOmZLdx2Eiy0cc4I4s/zLZ/rzeYv5sYnL6DXE1eXVBVJss+ylA+5ELN0sjQ1ZcbJWsQvzoTrPjoQG9GydAKl5qIjzXw6VJ8ZLTFuP5z0jgDyrpgRISUbI9UKHq1tXv4yXsnirbUb7WupsBuop/HuSbS/1fxm/pKgkgtOS1FPNz7UDXRYJEIXmiDKNqeErkakwSpIanVf6BU+oCWGlbFRSpYKkOBZoyzOwnBphYBgWMf54IUzb522ogWWOIjxYSkCUU7DseZwqdR5jyyRsSQh/eSjq6r3Ee9GHfcRqgVvtgWD8F5XAu4iKcMkWJffX16JcqUT8yquDwpw7E2w1qyTrq1tOtAbvNX0N6GsZal2QR3XgpbGX4OhApEIBrY6rroRu6oKQK/iHTCSPrsSzzwYaavFCed5MgRmTzWy6IUIrgtVtGYvaL0nDAycKLU/Ld3gVQVMMipYpNWsIvrawJY1173QIQBFG32M9jAAf0dOojPcI1PpQ8ez9dEIyZw==\n",
            "public_key_pem": "-----BEGIN PUBLIC KEY-----\nMIICIjANBgkqhkiG9w0BAQEFAAOCAg8AMIICCgKCAgEAqU/Rsms2+5EQgo37YaLz\nDPEpDKt8uSZBsRjmVn+aE43ymCQiCE69wv0WfkyxAHz6Ah09+pnzF1lzT+kyqu4R\nTBV75/NkYuhsBknwKtJUf24bmdUgyQ/C32qmtQsb6hvpANef0F7zCqTOVKkV3DAN\nIw6fvmMdadCQB5VcIdqCAX2MDaIvaDpmS3cdhIstHHOCOLP8y2f683mL+bGJy+g1\nxNXl1QVSbLPspQPuRCzdLI0NWXGyVrEL86E6z46EBvRsnQCpeaiI818OlSfGS0xb\nj+c9I4A8q6YESElGyPVCh6tbV7+Ml7J4q21G+1rqbAbqKfx7km0v9X8Zv6SoJILT\nktRTzc+1A10WCRCF5ogyjanhK5GpMEqSGp1X+gVPqAlhpWxUUqWCpDgWaMszsJwa\nYWAYFjH+eCFM2+dtqIFljiI8WEpAlFOw7HmcKnUeY8skbEkIf3ko6uq9xHvRh33E\naoFb7YFg/BeVwLuIinDJFiX319eiXKlE/Mqrg8KcOxNsNask66tbTrQG7zV9Dehr\nGWpdkEd14KWxl+DoQKRCAa2Oq66EbuqCkCv4h0wkj67Es88GGmrxQnneTIEZk81s\nuiFCK4LVbRmL2i9JwwMnCi1Py3d4FUFTDIqWKTVrCL62sCWNde90CEARRt9jPYwA\nH9HTqIz3CNT6UPHs/XRCMmcCAwEAAQ==\n-----END PUBLIC KEY-----\n",
            "rsa_bits": 4096
          },
          "sensitive_attributes": [
            [
              {
                "type": "get_attr",
                "value": "private_key_openssh"
              }
            ],
            [
              {
                "type": "get_attr",
                "value": "private_key_pem_pkcs8"
              }
            ],
            [
              {
                "type": "get_attr",
                "value": "private_key_pem"
              }
            ]
          ]
        }
      ]
    }
  ],
  "check_results": null
}
